// !$*UTF8*$!
{
	archiveVersion = 1;
	classes = {
	};
	objectVersion = 55;
	objects = {

/* Begin PBXBuildFile section */
		131166382A70FB9900CD0373 /* AppDelegate.swift in Sources */ = {isa = PBXBuildFile; fileRef = 131166372A70FB9900CD0373 /* AppDelegate.swift */; };
		1311663A2A70FB9900CD0373 /* SceneDelegate.swift in Sources */ = {isa = PBXBuildFile; fileRef = 131166392A70FB9900CD0373 /* SceneDelegate.swift */; };
		1311663F2A70FB9900CD0373 /* Main.storyboard in Resources */ = {isa = PBXBuildFile; fileRef = 1311663D2A70FB9900CD0373 /* Main.storyboard */; };
		131166412A70FB9A00CD0373 /* Assets.xcassets in Resources */ = {isa = PBXBuildFile; fileRef = 131166402A70FB9A00CD0373 /* Assets.xcassets */; };
		131166442A70FB9A00CD0373 /* LaunchScreen.storyboard in Resources */ = {isa = PBXBuildFile; fileRef = 131166422A70FB9A00CD0373 /* LaunchScreen.storyboard */; };
		131166732A712A0700CD0373 /* GoogleService-Info.plist in Resources */ = {isa = PBXBuildFile; fileRef = 131166722A712A0700CD0373 /* GoogleService-Info.plist */; };
		13127A712AF36017008C7927 /* FirebaseAuth in Frameworks */ = {isa = PBXBuildFile; productRef = 13127A702AF36017008C7927 /* FirebaseAuth */; };
		13127A732AF36017008C7927 /* FirebaseDatabase in Frameworks */ = {isa = PBXBuildFile; productRef = 13127A722AF36017008C7927 /* FirebaseDatabase */; };
		13127A752AF36017008C7927 /* FirebaseDatabaseSwift in Frameworks */ = {isa = PBXBuildFile; productRef = 13127A742AF36017008C7927 /* FirebaseDatabaseSwift */; };
		13127A772AF36017008C7927 /* FirebaseFirestore in Frameworks */ = {isa = PBXBuildFile; productRef = 13127A762AF36017008C7927 /* FirebaseFirestore */; };
		13127A792AF36017008C7927 /* FirebaseFirestoreSwift in Frameworks */ = {isa = PBXBuildFile; productRef = 13127A782AF36017008C7927 /* FirebaseFirestoreSwift */; };
		13127A7B2AF36017008C7927 /* FirebaseInAppMessaging-Beta in Frameworks */ = {isa = PBXBuildFile; productRef = 13127A7A2AF36017008C7927 /* FirebaseInAppMessaging-Beta */; };
		13127A7D2AF36017008C7927 /* FirebaseInAppMessagingSwift-Beta in Frameworks */ = {isa = PBXBuildFile; productRef = 13127A7C2AF36017008C7927 /* FirebaseInAppMessagingSwift-Beta */; };
		13127A7F2AF36017008C7927 /* FirebaseMessaging in Frameworks */ = {isa = PBXBuildFile; productRef = 13127A7E2AF36017008C7927 /* FirebaseMessaging */; };
		13127A812AF36017008C7927 /* FirebaseStorage in Frameworks */ = {isa = PBXBuildFile; productRef = 13127A802AF36017008C7927 /* FirebaseStorage */; };
		13127A852AF36CA0008C7927 /* FetchUserInfo.swift in Sources */ = {isa = PBXBuildFile; fileRef = 13127A842AF36CA0008C7927 /* FetchUserInfo.swift */; };
		13127A8A2AF3702F008C7927 /* UserModel.swift in Sources */ = {isa = PBXBuildFile; fileRef = 13127A892AF3702F008C7927 /* UserModel.swift */; };
		13127A902AF3AA35008C7927 /* ChatVC.swift in Sources */ = {isa = PBXBuildFile; fileRef = 13127A8F2AF3AA35008C7927 /* ChatVC.swift */; };
		13127A942AF3BED1008C7927 /* ChatVCViewModel.swift in Sources */ = {isa = PBXBuildFile; fileRef = 13127A932AF3BED1008C7927 /* ChatVCViewModel.swift */; };
		13127A962AF3CC67008C7927 /* ChatVCModel.swift in Sources */ = {isa = PBXBuildFile; fileRef = 13127A952AF3CC67008C7927 /* ChatVCModel.swift */; };
		132847232AFCEB4600A2397F /* UsersProfileViewCell.swift in Sources */ = {isa = PBXBuildFile; fileRef = 132847222AFCEB4600A2397F /* UsersProfileViewCell.swift */; };
		1329391C2B1F2D0F003E9B92 /* SDWebImage in Frameworks */ = {isa = PBXBuildFile; productRef = 1329391B2B1F2D0F003E9B92 /* SDWebImage */; };
		1329391E2B1F2D0F003E9B92 /* SDWebImageMapKit in Frameworks */ = {isa = PBXBuildFile; productRef = 1329391D2B1F2D0F003E9B92 /* SDWebImageMapKit */; };
		134F7F422AEF7C6800B6C31E /* UploadVC.swift in Sources */ = {isa = PBXBuildFile; fileRef = 134F7F412AEF7C6800B6C31E /* UploadVC.swift */; };
		1355B8D22B0CCB840027A2AF /* Notification.swift in Sources */ = {isa = PBXBuildFile; fileRef = 1355B8D12B0CCB840027A2AF /* Notification.swift */; };
		1361C9672AFDEA9D00C00A71 /* SkeletonView in Frameworks */ = {isa = PBXBuildFile; productRef = 1361C9662AFDEA9D00C00A71 /* SkeletonView */; };
		1368D1562B17141900B42AC4 /* PersistantStorage.swift in Sources */ = {isa = PBXBuildFile; fileRef = 1368D1552B17141900B42AC4 /* PersistantStorage.swift */; };
		1368D1602B1719C800B42AC4 /* CDUsersModel.swift in Sources */ = {isa = PBXBuildFile; fileRef = 1368D15F2B1719C800B42AC4 /* CDUsersModel.swift */; };
		1368D1842B1740DF00B42AC4 /* CDUserManager.swift in Sources */ = {isa = PBXBuildFile; fileRef = 1368D1832B1740DF00B42AC4 /* CDUserManager.swift */; };
		1368D1872B174C9800B42AC4 /* InstaUiKit.xcdatamodeld in Sources */ = {isa = PBXBuildFile; fileRef = 1368D1852B174C9800B42AC4 /* InstaUiKit.xcdatamodeld */; };
		1368D18A2B174F1E00B42AC4 /* CDUsers+CoreDataProperties.swift in Sources */ = {isa = PBXBuildFile; fileRef = 1368D1882B174F1D00B42AC4 /* CDUsers+CoreDataProperties.swift */; };
		1368D18B2B174F1E00B42AC4 /* CDUsers+CoreDataClass.swift in Sources */ = {isa = PBXBuildFile; fileRef = 1368D1892B174F1D00B42AC4 /* CDUsers+CoreDataClass.swift */; };
		1368D18E2B17525E00B42AC4 /* SwitchAccountVC.swift in Sources */ = {isa = PBXBuildFile; fileRef = 1368D18D2B17525E00B42AC4 /* SwitchAccountVC.swift */; };
		1368D1902B175A5700B42AC4 /* SwitchAccountCell.swift in Sources */ = {isa = PBXBuildFile; fileRef = 1368D18F2B175A5700B42AC4 /* SwitchAccountCell.swift */; };
		136B84A22A83B8E700C102F1 /* ProfileViewModel.swift in Sources */ = {isa = PBXBuildFile; fileRef = 136B84A12A83B8E700C102F1 /* ProfileViewModel.swift */; };
		136B84A42A83B8FC00C102F1 /* EditProfileViewModel.swift in Sources */ = {isa = PBXBuildFile; fileRef = 136B84A32A83B8FC00C102F1 /* EditProfileViewModel.swift */; };
		137E549C2B14768800186558 /* FollowersAndFollowingVC.swift in Sources */ = {isa = PBXBuildFile; fileRef = 137E549B2B14768800186558 /* FollowersAndFollowingVC.swift */; };
		137E54A02B1476BD00186558 /* FollowersAndFollowingViewModel.swift in Sources */ = {isa = PBXBuildFile; fileRef = 137E549F2B1476BD00186558 /* FollowersAndFollowingViewModel.swift */; };
		137E67A12B18A2FD00525169 /* NotificationVC.swift in Sources */ = {isa = PBXBuildFile; fileRef = 137E67A02B18A2FD00525169 /* NotificationVC.swift */; };
		1385F38F2AF5205F006C8363 /* UsersProfileView.swift in Sources */ = {isa = PBXBuildFile; fileRef = 1385F38E2AF5205F006C8363 /* UsersProfileView.swift */; };
		138BC5D42A73806E00020297 /* EditProfileVC.swift in Sources */ = {isa = PBXBuildFile; fileRef = 138BC5D32A73806E00020297 /* EditProfileVC.swift */; };
		138BC5D92A73922100020297 /* DirectMsgVC.swift in Sources */ = {isa = PBXBuildFile; fileRef = 138BC5D82A73922100020297 /* DirectMsgVC.swift */; };
		138BC5DB2A7395C800020297 /* DirectMsgCell.swift in Sources */ = {isa = PBXBuildFile; fileRef = 138BC5DA2A7395C800020297 /* DirectMsgCell.swift */; };
		138BC5E12A739D7800020297 /* SearchVCCollectionViewCell.swift in Sources */ = {isa = PBXBuildFile; fileRef = 138BC5E02A739D7800020297 /* SearchVCCollectionViewCell.swift */; };
		138BC5E52A73A4B300020297 /* LikesCell.swift in Sources */ = {isa = PBXBuildFile; fileRef = 138BC5E32A73A4B300020297 /* LikesCell.swift */; };
		138BC5E62A73A4B300020297 /* LikesCell.xib in Resources */ = {isa = PBXBuildFile; fileRef = 138BC5E42A73A4B300020297 /* LikesCell.xib */; };
		138BC5E92A73A4D300020297 /* FollowingCell.swift in Sources */ = {isa = PBXBuildFile; fileRef = 138BC5E72A73A4D300020297 /* FollowingCell.swift */; };
		138BC5EA2A73A4D300020297 /* FollowingCell.xib in Resources */ = {isa = PBXBuildFile; fileRef = 138BC5E82A73A4D300020297 /* FollowingCell.xib */; };
		138BC5ED2A73B7E400020297 /* PostVCCollectionCell.swift in Sources */ = {isa = PBXBuildFile; fileRef = 138BC5EC2A73B7E400020297 /* PostVCCollectionCell.swift */; };
		138BC5FC2A73BED600020297 /* ImagePicker.swift in Sources */ = {isa = PBXBuildFile; fileRef = 138BC5FB2A73BED600020297 /* ImagePicker.swift */; };
		138BC5FF2A73CABE00020297 /* ProfileModel.swift in Sources */ = {isa = PBXBuildFile; fileRef = 138BC5FE2A73CABE00020297 /* ProfileModel.swift */; };
		138BC6022A73D8CB00020297 /* Kingfisher in Frameworks */ = {isa = PBXBuildFile; productRef = 138BC6012A73D8CB00020297 /* Kingfisher */; };
		139110012A864CBD00CABCD5 /* ImageLoader+Extensions.swift in Sources */ = {isa = PBXBuildFile; fileRef = 139110002A864CBD00CABCD5 /* ImageLoader+Extensions.swift */; };
		139110062A86502400CABCD5 /* PostModel.swift in Sources */ = {isa = PBXBuildFile; fileRef = 139110052A86502400CABCD5 /* PostModel.swift */; };
		139110082A86503700CABCD5 /* PostViewModel.swift in Sources */ = {isa = PBXBuildFile; fileRef = 139110072A86503700CABCD5 /* PostViewModel.swift */; };
		1391100D2A86509F00CABCD5 /* LikesModel.swift in Sources */ = {isa = PBXBuildFile; fileRef = 1391100C2A86509F00CABCD5 /* LikesModel.swift */; };
		1391100F2A8650AF00CABCD5 /* LikesViewModel.swift in Sources */ = {isa = PBXBuildFile; fileRef = 1391100E2A8650AF00CABCD5 /* LikesViewModel.swift */; };
		139110142A8650ED00CABCD5 /* SearchModel.swift in Sources */ = {isa = PBXBuildFile; fileRef = 139110132A8650ED00CABCD5 /* SearchModel.swift */; };
		139110162A8650FF00CABCD5 /* SearchViewModel.swift in Sources */ = {isa = PBXBuildFile; fileRef = 139110152A8650FF00CABCD5 /* SearchViewModel.swift */; };
		1391101B2A86518A00CABCD5 /* HomeModel.swift in Sources */ = {isa = PBXBuildFile; fileRef = 1391101A2A86518A00CABCD5 /* HomeModel.swift */; };
		1391101D2A86519B00CABCD5 /* HomeViewModel.swift in Sources */ = {isa = PBXBuildFile; fileRef = 1391101C2A86519B00CABCD5 /* HomeViewModel.swift */; };
		1392D0102A80B3BE004B6654 /* RoundedCorner.swift in Sources */ = {isa = PBXBuildFile; fileRef = 1392D00F2A80B3BE004B6654 /* RoundedCorner.swift */; };
		1392D0192A80B48D004B6654 /* MainTab.storyboard in Resources */ = {isa = PBXBuildFile; fileRef = 1392D0182A80B48D004B6654 /* MainTab.storyboard */; };
		1392D01E2A80B4ED004B6654 /* SignInVC.swift in Sources */ = {isa = PBXBuildFile; fileRef = 1392D01D2A80B4ED004B6654 /* SignInVC.swift */; };
		1392D0202A80B4F6004B6654 /* SignUpVC.swift in Sources */ = {isa = PBXBuildFile; fileRef = 1392D01F2A80B4F6004B6654 /* SignUpVC.swift */; };
		1392D0222A80B50C004B6654 /* MainTabVC.swift in Sources */ = {isa = PBXBuildFile; fileRef = 1392D0212A80B50B004B6654 /* MainTabVC.swift */; };
		1392D0242A80B522004B6654 /* HomeVC.swift in Sources */ = {isa = PBXBuildFile; fileRef = 1392D0232A80B522004B6654 /* HomeVC.swift */; };
		1392D0262A80B52E004B6654 /* SearchVC.swift in Sources */ = {isa = PBXBuildFile; fileRef = 1392D0252A80B52E004B6654 /* SearchVC.swift */; };
		1392D0282A80B538004B6654 /* PostVC.swift in Sources */ = {isa = PBXBuildFile; fileRef = 1392D0272A80B538004B6654 /* PostVC.swift */; };
		1392D02A2A80B541004B6654 /* LikesVC.swift in Sources */ = {isa = PBXBuildFile; fileRef = 1392D0292A80B541004B6654 /* LikesVC.swift */; };
		1392D02C2A80B54A004B6654 /* ProfileVC.swift in Sources */ = {isa = PBXBuildFile; fileRef = 1392D02B2A80B54A004B6654 /* ProfileVC.swift */; };
		1396275E2AFBA5050034F139 /* CommentsVC.swift in Sources */ = {isa = PBXBuildFile; fileRef = 1396275D2AFBA5050034F139 /* CommentsVC.swift */; };
		139627602AFBA57D0034F139 /* CommentsViewModel.swift in Sources */ = {isa = PBXBuildFile; fileRef = 1396275F2AFBA57D0034F139 /* CommentsViewModel.swift */; };
		139627632AFBB59B0034F139 /* CommentCell.swift in Sources */ = {isa = PBXBuildFile; fileRef = 139627622AFBB59B0034F139 /* CommentCell.swift */; };
		13A21CDF2B1995A9000ED554 /* NotificationViewModel.swift in Sources */ = {isa = PBXBuildFile; fileRef = 13A21CDE2B1995A9000ED554 /* NotificationViewModel.swift */; };
		13A21CE12B199D46000ED554 /* NotificationCell.swift in Sources */ = {isa = PBXBuildFile; fileRef = 13A21CE02B199D46000ED554 /* NotificationCell.swift */; };
		13B4B3F02AFA3FB200EB13EE /* FeedViewVC.swift in Sources */ = {isa = PBXBuildFile; fileRef = 13B4B3EF2AFA3FB200EB13EE /* FeedViewVC.swift */; };
		13B4B3F22AFA48CA00EB13EE /* FeedViewModel.swift in Sources */ = {isa = PBXBuildFile; fileRef = 13B4B3F12AFA48CA00EB13EE /* FeedViewModel.swift */; };
		13C508C82B108B3B0013C52D /* AddStoryVC.swift in Sources */ = {isa = PBXBuildFile; fileRef = 13C508C72B108B3B0013C52D /* AddStoryVC.swift */; };
		13C508CC2B109F650013C52D /* UsersProfileViewModel.swift in Sources */ = {isa = PBXBuildFile; fileRef = 13C508CB2B109F650013C52D /* UsersProfileViewModel.swift */; };
		13DBE7672AEB76F90006F3B9 /* RxCocoa in Frameworks */ = {isa = PBXBuildFile; productRef = 13DBE7662AEB76F90006F3B9 /* RxCocoa */; };
		13DBE7692AEB76F90006F3B9 /* RxSwift in Frameworks */ = {isa = PBXBuildFile; productRef = 13DBE7682AEB76F90006F3B9 /* RxSwift */; };
		13DBE7752AEB938C0006F3B9 /* Storyboard+Extensions.swift in Sources */ = {isa = PBXBuildFile; fileRef = 13DBE7742AEB938C0006F3B9 /* Storyboard+Extensions.swift */; };
		13DBE7782AEB93AE0006F3B9 /* Common.storyboard in Resources */ = {isa = PBXBuildFile; fileRef = 13DBE7772AEB93AE0006F3B9 /* Common.storyboard */; };
		13DBE77A2AEB95290006F3B9 /* Navigator.swift in Sources */ = {isa = PBXBuildFile; fileRef = 13DBE7792AEB95290006F3B9 /* Navigator.swift */; };
		13DBE7852AEBB85C0006F3B9 /* LoaderVCViewModel.swift in Sources */ = {isa = PBXBuildFile; fileRef = 13DBE7842AEBB85C0006F3B9 /* LoaderVCViewModel.swift */; };
		13DBE7872AEBBD130006F3B9 /* LoaderVC.swift in Sources */ = {isa = PBXBuildFile; fileRef = 13DBE7862AEBBD130006F3B9 /* LoaderVC.swift */; };
		13DBE7892AEBC12E0006F3B9 /* AuthenticationViewModel.swift in Sources */ = {isa = PBXBuildFile; fileRef = 13DBE7882AEBC12E0006F3B9 /* AuthenticationViewModel.swift */; };
		13DBE78E2AEBC1F60006F3B9 /* SignUpVCViewModel.swift in Sources */ = {isa = PBXBuildFile; fileRef = 13DBE78D2AEBC1F60006F3B9 /* SignUpVCViewModel.swift */; };
		13DBE7902AEBC20C0006F3B9 /* SignInVCViewModel.swift in Sources */ = {isa = PBXBuildFile; fileRef = 13DBE78F2AEBC20C0006F3B9 /* SignInVCViewModel.swift */; };
		13DBE7932AEBC32A0006F3B9 /* Alert.swift in Sources */ = {isa = PBXBuildFile; fileRef = 13DBE7922AEBC32A0006F3B9 /* Alert.swift */; };
		13DBE7952AEBD0CA0006F3B9 /* SaveData.swift in Sources */ = {isa = PBXBuildFile; fileRef = 13DBE7942AEBD0CA0006F3B9 /* SaveData.swift */; };
		13E2F45E2B18554A002BDA4A /* SwitchAccountViewModel.swift in Sources */ = {isa = PBXBuildFile; fileRef = 13E2F45D2B18554A002BDA4A /* SwitchAccountViewModel.swift */; };
		13FB7D5F2A722DE000D8FC5C /* FeedCell.swift in Sources */ = {isa = PBXBuildFile; fileRef = 13FB7D5D2A722DE000D8FC5C /* FeedCell.swift */; };
		13FB7D602A722DE000D8FC5C /* FeedCell.xib in Resources */ = {isa = PBXBuildFile; fileRef = 13FB7D5E2A722DE000D8FC5C /* FeedCell.xib */; };
		13FB7D622A723F0900D8FC5C /* StoriesCell.swift in Sources */ = {isa = PBXBuildFile; fileRef = 13FB7D612A723F0900D8FC5C /* StoriesCell.swift */; };
		13FB7D642A724BD200D8FC5C /* PhotosCell.swift in Sources */ = {isa = PBXBuildFile; fileRef = 13FB7D632A724BD200D8FC5C /* PhotosCell.swift */; };
		13FC207F2AF2687D00D7EEFD /* StoreUserInfo.swift in Sources */ = {isa = PBXBuildFile; fileRef = 13FC207E2AF2687D00D7EEFD /* StoreUserInfo.swift */; };
		5FC7C3CDA91FEFEC6E4E489F /* Pods_InstaUiKit.framework in Frameworks */ = {isa = PBXBuildFile; fileRef = 5FEBF60A2EEA38CC296EFB81 /* Pods_InstaUiKit.framework */; };
/* End PBXBuildFile section */

/* Begin PBXFileReference section */
		131166342A70FB9900CD0373 /* InstaUiKit.app */ = {isa = PBXFileReference; explicitFileType = wrapper.application; includeInIndex = 0; path = InstaUiKit.app; sourceTree = BUILT_PRODUCTS_DIR; };
		131166372A70FB9900CD0373 /* AppDelegate.swift */ = {isa = PBXFileReference; lastKnownFileType = sourcecode.swift; path = AppDelegate.swift; sourceTree = "<group>"; };
		131166392A70FB9900CD0373 /* SceneDelegate.swift */ = {isa = PBXFileReference; lastKnownFileType = sourcecode.swift; path = SceneDelegate.swift; sourceTree = "<group>"; };
		1311663E2A70FB9900CD0373 /* Base */ = {isa = PBXFileReference; lastKnownFileType = file.storyboard; name = Base; path = Base.lproj/Main.storyboard; sourceTree = "<group>"; };
		131166402A70FB9A00CD0373 /* Assets.xcassets */ = {isa = PBXFileReference; lastKnownFileType = folder.assetcatalog; path = Assets.xcassets; sourceTree = "<group>"; };
		131166432A70FB9A00CD0373 /* Base */ = {isa = PBXFileReference; lastKnownFileType = file.storyboard; name = Base; path = Base.lproj/LaunchScreen.storyboard; sourceTree = "<group>"; };
		131166452A70FB9A00CD0373 /* Info.plist */ = {isa = PBXFileReference; lastKnownFileType = text.plist.xml; path = Info.plist; sourceTree = "<group>"; };
		131166722A712A0700CD0373 /* GoogleService-Info.plist */ = {isa = PBXFileReference; fileEncoding = 4; lastKnownFileType = text.plist.xml; path = "GoogleService-Info.plist"; sourceTree = "<group>"; };
		13127A842AF36CA0008C7927 /* FetchUserInfo.swift */ = {isa = PBXFileReference; lastKnownFileType = sourcecode.swift; path = FetchUserInfo.swift; sourceTree = "<group>"; };
		13127A892AF3702F008C7927 /* UserModel.swift */ = {isa = PBXFileReference; lastKnownFileType = sourcecode.swift; path = UserModel.swift; sourceTree = "<group>"; };
		13127A8F2AF3AA35008C7927 /* ChatVC.swift */ = {isa = PBXFileReference; lastKnownFileType = sourcecode.swift; path = ChatVC.swift; sourceTree = "<group>"; };
		13127A932AF3BED1008C7927 /* ChatVCViewModel.swift */ = {isa = PBXFileReference; lastKnownFileType = sourcecode.swift; path = ChatVCViewModel.swift; sourceTree = "<group>"; };
		13127A952AF3CC67008C7927 /* ChatVCModel.swift */ = {isa = PBXFileReference; lastKnownFileType = sourcecode.swift; path = ChatVCModel.swift; sourceTree = "<group>"; };
		132847222AFCEB4600A2397F /* UsersProfileViewCell.swift */ = {isa = PBXFileReference; lastKnownFileType = sourcecode.swift; path = UsersProfileViewCell.swift; sourceTree = "<group>"; };
		134F7F412AEF7C6800B6C31E /* UploadVC.swift */ = {isa = PBXFileReference; lastKnownFileType = sourcecode.swift; path = UploadVC.swift; sourceTree = "<group>"; };
		1355B8D12B0CCB840027A2AF /* Notification.swift */ = {isa = PBXFileReference; lastKnownFileType = sourcecode.swift; path = Notification.swift; sourceTree = "<group>"; };
		1368D1552B17141900B42AC4 /* PersistantStorage.swift */ = {isa = PBXFileReference; lastKnownFileType = sourcecode.swift; path = PersistantStorage.swift; sourceTree = "<group>"; };
		1368D15F2B1719C800B42AC4 /* CDUsersModel.swift */ = {isa = PBXFileReference; lastKnownFileType = sourcecode.swift; path = CDUsersModel.swift; sourceTree = "<group>"; };
		1368D1832B1740DF00B42AC4 /* CDUserManager.swift */ = {isa = PBXFileReference; lastKnownFileType = sourcecode.swift; path = CDUserManager.swift; sourceTree = "<group>"; };
		1368D1862B174C9800B42AC4 /* CoreData.xcdatamodel */ = {isa = PBXFileReference; lastKnownFileType = wrapper.xcdatamodel; path = CoreData.xcdatamodel; sourceTree = "<group>"; };
		1368D1882B174F1D00B42AC4 /* CDUsers+CoreDataProperties.swift */ = {isa = PBXFileReference; fileEncoding = 4; lastKnownFileType = sourcecode.swift; path = "CDUsers+CoreDataProperties.swift"; sourceTree = "<group>"; };
		1368D1892B174F1D00B42AC4 /* CDUsers+CoreDataClass.swift */ = {isa = PBXFileReference; fileEncoding = 4; lastKnownFileType = sourcecode.swift; path = "CDUsers+CoreDataClass.swift"; sourceTree = "<group>"; };
		1368D18D2B17525E00B42AC4 /* SwitchAccountVC.swift */ = {isa = PBXFileReference; lastKnownFileType = sourcecode.swift; path = SwitchAccountVC.swift; sourceTree = "<group>"; };
		1368D18F2B175A5700B42AC4 /* SwitchAccountCell.swift */ = {isa = PBXFileReference; lastKnownFileType = sourcecode.swift; path = SwitchAccountCell.swift; sourceTree = "<group>"; };
		136B84A12A83B8E700C102F1 /* ProfileViewModel.swift */ = {isa = PBXFileReference; fileEncoding = 4; lastKnownFileType = sourcecode.swift; path = ProfileViewModel.swift; sourceTree = "<group>"; };
		136B84A32A83B8FC00C102F1 /* EditProfileViewModel.swift */ = {isa = PBXFileReference; fileEncoding = 4; lastKnownFileType = sourcecode.swift; path = EditProfileViewModel.swift; sourceTree = "<group>"; };
		137E549B2B14768800186558 /* FollowersAndFollowingVC.swift */ = {isa = PBXFileReference; lastKnownFileType = sourcecode.swift; path = FollowersAndFollowingVC.swift; sourceTree = "<group>"; };
		137E549F2B1476BD00186558 /* FollowersAndFollowingViewModel.swift */ = {isa = PBXFileReference; lastKnownFileType = sourcecode.swift; path = FollowersAndFollowingViewModel.swift; sourceTree = "<group>"; };
		137E67A02B18A2FD00525169 /* NotificationVC.swift */ = {isa = PBXFileReference; lastKnownFileType = sourcecode.swift; path = NotificationVC.swift; sourceTree = "<group>"; };
		1385F38E2AF5205F006C8363 /* UsersProfileView.swift */ = {isa = PBXFileReference; lastKnownFileType = sourcecode.swift; path = UsersProfileView.swift; sourceTree = "<group>"; };
		138BC5D32A73806E00020297 /* EditProfileVC.swift */ = {isa = PBXFileReference; lastKnownFileType = sourcecode.swift; path = EditProfileVC.swift; sourceTree = "<group>"; };
		138BC5D82A73922100020297 /* DirectMsgVC.swift */ = {isa = PBXFileReference; lastKnownFileType = sourcecode.swift; path = DirectMsgVC.swift; sourceTree = "<group>"; };
		138BC5DA2A7395C800020297 /* DirectMsgCell.swift */ = {isa = PBXFileReference; lastKnownFileType = sourcecode.swift; path = DirectMsgCell.swift; sourceTree = "<group>"; };
		138BC5E02A739D7800020297 /* SearchVCCollectionViewCell.swift */ = {isa = PBXFileReference; lastKnownFileType = sourcecode.swift; path = SearchVCCollectionViewCell.swift; sourceTree = "<group>"; };
		138BC5E32A73A4B300020297 /* LikesCell.swift */ = {isa = PBXFileReference; lastKnownFileType = sourcecode.swift; path = LikesCell.swift; sourceTree = "<group>"; };
		138BC5E42A73A4B300020297 /* LikesCell.xib */ = {isa = PBXFileReference; lastKnownFileType = file.xib; path = LikesCell.xib; sourceTree = "<group>"; };
		138BC5E72A73A4D300020297 /* FollowingCell.swift */ = {isa = PBXFileReference; lastKnownFileType = sourcecode.swift; path = FollowingCell.swift; sourceTree = "<group>"; };
		138BC5E82A73A4D300020297 /* FollowingCell.xib */ = {isa = PBXFileReference; lastKnownFileType = file.xib; path = FollowingCell.xib; sourceTree = "<group>"; };
		138BC5EC2A73B7E400020297 /* PostVCCollectionCell.swift */ = {isa = PBXFileReference; lastKnownFileType = sourcecode.swift; path = PostVCCollectionCell.swift; sourceTree = "<group>"; };
		138BC5FB2A73BED600020297 /* ImagePicker.swift */ = {isa = PBXFileReference; lastKnownFileType = sourcecode.swift; path = ImagePicker.swift; sourceTree = "<group>"; };
		138BC5FE2A73CABE00020297 /* ProfileModel.swift */ = {isa = PBXFileReference; lastKnownFileType = sourcecode.swift; path = ProfileModel.swift; sourceTree = "<group>"; };
		139110002A864CBD00CABCD5 /* ImageLoader+Extensions.swift */ = {isa = PBXFileReference; lastKnownFileType = sourcecode.swift; path = "ImageLoader+Extensions.swift"; sourceTree = "<group>"; };
		139110052A86502400CABCD5 /* PostModel.swift */ = {isa = PBXFileReference; lastKnownFileType = sourcecode.swift; path = PostModel.swift; sourceTree = "<group>"; };
		139110072A86503700CABCD5 /* PostViewModel.swift */ = {isa = PBXFileReference; lastKnownFileType = sourcecode.swift; path = PostViewModel.swift; sourceTree = "<group>"; };
		1391100C2A86509F00CABCD5 /* LikesModel.swift */ = {isa = PBXFileReference; lastKnownFileType = sourcecode.swift; path = LikesModel.swift; sourceTree = "<group>"; };
		1391100E2A8650AF00CABCD5 /* LikesViewModel.swift */ = {isa = PBXFileReference; lastKnownFileType = sourcecode.swift; path = LikesViewModel.swift; sourceTree = "<group>"; };
		139110132A8650ED00CABCD5 /* SearchModel.swift */ = {isa = PBXFileReference; lastKnownFileType = sourcecode.swift; path = SearchModel.swift; sourceTree = "<group>"; };
		139110152A8650FF00CABCD5 /* SearchViewModel.swift */ = {isa = PBXFileReference; lastKnownFileType = sourcecode.swift; path = SearchViewModel.swift; sourceTree = "<group>"; };
		1391101A2A86518A00CABCD5 /* HomeModel.swift */ = {isa = PBXFileReference; lastKnownFileType = sourcecode.swift; path = HomeModel.swift; sourceTree = "<group>"; };
		1391101C2A86519B00CABCD5 /* HomeViewModel.swift */ = {isa = PBXFileReference; lastKnownFileType = sourcecode.swift; path = HomeViewModel.swift; sourceTree = "<group>"; };
		1392D00F2A80B3BE004B6654 /* RoundedCorner.swift */ = {isa = PBXFileReference; fileEncoding = 4; lastKnownFileType = sourcecode.swift; name = RoundedCorner.swift; path = InstaUiKit/Utilities/RoundedCorner.swift; sourceTree = SOURCE_ROOT; };
		1392D0182A80B48D004B6654 /* MainTab.storyboard */ = {isa = PBXFileReference; fileEncoding = 4; lastKnownFileType = file.storyboard; name = MainTab.storyboard; path = InstaUiKit/Storyboard/MainTab/MainTab.storyboard; sourceTree = SOURCE_ROOT; };
		1392D01D2A80B4ED004B6654 /* SignInVC.swift */ = {isa = PBXFileReference; fileEncoding = 4; lastKnownFileType = sourcecode.swift; name = SignInVC.swift; path = InstaUiKit/Screens/Authentication/View/SignIn/SignInVC.swift; sourceTree = SOURCE_ROOT; };
		1392D01F2A80B4F6004B6654 /* SignUpVC.swift */ = {isa = PBXFileReference; fileEncoding = 4; lastKnownFileType = sourcecode.swift; name = SignUpVC.swift; path = InstaUiKit/Screens/Authentication/View/SignUp/SignUpVC.swift; sourceTree = SOURCE_ROOT; };
		1392D0212A80B50B004B6654 /* MainTabVC.swift */ = {isa = PBXFileReference; fileEncoding = 4; lastKnownFileType = sourcecode.swift; name = MainTabVC.swift; path = InstaUiKit/Storyboard/Authentication/MainTabVC.swift; sourceTree = SOURCE_ROOT; };
		1392D0232A80B522004B6654 /* HomeVC.swift */ = {isa = PBXFileReference; fileEncoding = 4; lastKnownFileType = sourcecode.swift; name = HomeVC.swift; path = InstaUiKit/Screens/MainTab/Home/View/HomeVC.swift; sourceTree = SOURCE_ROOT; };
		1392D0252A80B52E004B6654 /* SearchVC.swift */ = {isa = PBXFileReference; fileEncoding = 4; lastKnownFileType = sourcecode.swift; name = SearchVC.swift; path = InstaUiKit/Screens/MainTab/Search/View/SearchVC.swift; sourceTree = SOURCE_ROOT; };
		1392D0272A80B538004B6654 /* PostVC.swift */ = {isa = PBXFileReference; fileEncoding = 4; lastKnownFileType = sourcecode.swift; name = PostVC.swift; path = InstaUiKit/Screens/MainTab/Post/View/PostVC.swift; sourceTree = SOURCE_ROOT; };
		1392D0292A80B541004B6654 /* LikesVC.swift */ = {isa = PBXFileReference; fileEncoding = 4; lastKnownFileType = sourcecode.swift; name = LikesVC.swift; path = InstaUiKit/Screens/MainTab/Likes/View/LikesVC.swift; sourceTree = SOURCE_ROOT; };
		1392D02B2A80B54A004B6654 /* ProfileVC.swift */ = {isa = PBXFileReference; fileEncoding = 4; lastKnownFileType = sourcecode.swift; name = ProfileVC.swift; path = InstaUiKit/Screens/MainTab/Profile/View/ProfileVC.swift; sourceTree = SOURCE_ROOT; };
		1396275D2AFBA5050034F139 /* CommentsVC.swift */ = {isa = PBXFileReference; lastKnownFileType = sourcecode.swift; path = CommentsVC.swift; sourceTree = "<group>"; };
		1396275F2AFBA57D0034F139 /* CommentsViewModel.swift */ = {isa = PBXFileReference; lastKnownFileType = sourcecode.swift; path = CommentsViewModel.swift; sourceTree = "<group>"; };
		139627622AFBB59B0034F139 /* CommentCell.swift */ = {isa = PBXFileReference; lastKnownFileType = sourcecode.swift; path = CommentCell.swift; sourceTree = "<group>"; };
		13A21CDE2B1995A9000ED554 /* NotificationViewModel.swift */ = {isa = PBXFileReference; lastKnownFileType = sourcecode.swift; path = NotificationViewModel.swift; sourceTree = "<group>"; };
		13A21CE02B199D46000ED554 /* NotificationCell.swift */ = {isa = PBXFileReference; lastKnownFileType = sourcecode.swift; path = NotificationCell.swift; sourceTree = "<group>"; };
		13B4B3EF2AFA3FB200EB13EE /* FeedViewVC.swift */ = {isa = PBXFileReference; lastKnownFileType = sourcecode.swift; path = FeedViewVC.swift; sourceTree = "<group>"; };
		13B4B3F12AFA48CA00EB13EE /* FeedViewModel.swift */ = {isa = PBXFileReference; lastKnownFileType = sourcecode.swift; path = FeedViewModel.swift; sourceTree = "<group>"; };
		13C508C72B108B3B0013C52D /* AddStoryVC.swift */ = {isa = PBXFileReference; lastKnownFileType = sourcecode.swift; path = AddStoryVC.swift; sourceTree = "<group>"; };
		13C508CB2B109F650013C52D /* UsersProfileViewModel.swift */ = {isa = PBXFileReference; lastKnownFileType = sourcecode.swift; path = UsersProfileViewModel.swift; sourceTree = "<group>"; };
		13DBE7742AEB938C0006F3B9 /* Storyboard+Extensions.swift */ = {isa = PBXFileReference; lastKnownFileType = sourcecode.swift; path = "Storyboard+Extensions.swift"; sourceTree = "<group>"; };
		13DBE7772AEB93AE0006F3B9 /* Common.storyboard */ = {isa = PBXFileReference; lastKnownFileType = file.storyboard; path = Common.storyboard; sourceTree = "<group>"; };
		13DBE7792AEB95290006F3B9 /* Navigator.swift */ = {isa = PBXFileReference; lastKnownFileType = sourcecode.swift; path = Navigator.swift; sourceTree = "<group>"; };
		13DBE7842AEBB85C0006F3B9 /* LoaderVCViewModel.swift */ = {isa = PBXFileReference; lastKnownFileType = sourcecode.swift; path = LoaderVCViewModel.swift; sourceTree = "<group>"; };
		13DBE7862AEBBD130006F3B9 /* LoaderVC.swift */ = {isa = PBXFileReference; lastKnownFileType = sourcecode.swift; path = LoaderVC.swift; sourceTree = "<group>"; };
		13DBE7882AEBC12E0006F3B9 /* AuthenticationViewModel.swift */ = {isa = PBXFileReference; lastKnownFileType = sourcecode.swift; path = AuthenticationViewModel.swift; sourceTree = "<group>"; };
		13DBE78D2AEBC1F60006F3B9 /* SignUpVCViewModel.swift */ = {isa = PBXFileReference; lastKnownFileType = sourcecode.swift; path = SignUpVCViewModel.swift; sourceTree = "<group>"; };
		13DBE78F2AEBC20C0006F3B9 /* SignInVCViewModel.swift */ = {isa = PBXFileReference; lastKnownFileType = sourcecode.swift; path = SignInVCViewModel.swift; sourceTree = "<group>"; };
		13DBE7922AEBC32A0006F3B9 /* Alert.swift */ = {isa = PBXFileReference; lastKnownFileType = sourcecode.swift; path = Alert.swift; sourceTree = "<group>"; };
		13DBE7942AEBD0CA0006F3B9 /* SaveData.swift */ = {isa = PBXFileReference; lastKnownFileType = sourcecode.swift; path = SaveData.swift; sourceTree = "<group>"; };
		13E2F45D2B18554A002BDA4A /* SwitchAccountViewModel.swift */ = {isa = PBXFileReference; lastKnownFileType = sourcecode.swift; path = SwitchAccountViewModel.swift; sourceTree = "<group>"; };
		13FB7D5D2A722DE000D8FC5C /* FeedCell.swift */ = {isa = PBXFileReference; lastKnownFileType = sourcecode.swift; path = FeedCell.swift; sourceTree = "<group>"; };
		13FB7D5E2A722DE000D8FC5C /* FeedCell.xib */ = {isa = PBXFileReference; lastKnownFileType = file.xib; path = FeedCell.xib; sourceTree = "<group>"; };
		13FB7D612A723F0900D8FC5C /* StoriesCell.swift */ = {isa = PBXFileReference; lastKnownFileType = sourcecode.swift; path = StoriesCell.swift; sourceTree = "<group>"; };
		13FB7D632A724BD200D8FC5C /* PhotosCell.swift */ = {isa = PBXFileReference; lastKnownFileType = sourcecode.swift; path = PhotosCell.swift; sourceTree = "<group>"; };
		13FC207B2AF2449900D7EEFD /* InstaUiKit.entitlements */ = {isa = PBXFileReference; lastKnownFileType = text.plist.entitlements; path = InstaUiKit.entitlements; sourceTree = "<group>"; };
		13FC207E2AF2687D00D7EEFD /* StoreUserInfo.swift */ = {isa = PBXFileReference; lastKnownFileType = sourcecode.swift; path = StoreUserInfo.swift; sourceTree = "<group>"; };
		3A55025370778E801932B594 /* Pods-InstaUiKit.debug.xcconfig */ = {isa = PBXFileReference; includeInIndex = 1; lastKnownFileType = text.xcconfig; name = "Pods-InstaUiKit.debug.xcconfig"; path = "Target Support Files/Pods-InstaUiKit/Pods-InstaUiKit.debug.xcconfig"; sourceTree = "<group>"; };
		5FEBF60A2EEA38CC296EFB81 /* Pods_InstaUiKit.framework */ = {isa = PBXFileReference; explicitFileType = wrapper.framework; includeInIndex = 0; path = Pods_InstaUiKit.framework; sourceTree = BUILT_PRODUCTS_DIR; };
		750337433BA13E892417DBEB /* Pods-InstaUiKit.release.xcconfig */ = {isa = PBXFileReference; includeInIndex = 1; lastKnownFileType = text.xcconfig; name = "Pods-InstaUiKit.release.xcconfig"; path = "Target Support Files/Pods-InstaUiKit/Pods-InstaUiKit.release.xcconfig"; sourceTree = "<group>"; };
/* End PBXFileReference section */

/* Begin PBXFrameworksBuildPhase section */
		131166312A70FB9900CD0373 /* Frameworks */ = {
			isa = PBXFrameworksBuildPhase;
			buildActionMask = 2147483647;
			files = (
				13127A7F2AF36017008C7927 /* FirebaseMessaging in Frameworks */,
				13127A7D2AF36017008C7927 /* FirebaseInAppMessagingSwift-Beta in Frameworks */,
				13127A752AF36017008C7927 /* FirebaseDatabaseSwift in Frameworks */,
				13127A732AF36017008C7927 /* FirebaseDatabase in Frameworks */,
				13DBE7672AEB76F90006F3B9 /* RxCocoa in Frameworks */,
				13127A712AF36017008C7927 /* FirebaseAuth in Frameworks */,
				138BC6022A73D8CB00020297 /* Kingfisher in Frameworks */,
				13127A772AF36017008C7927 /* FirebaseFirestore in Frameworks */,
				1361C9672AFDEA9D00C00A71 /* SkeletonView in Frameworks */,
				1329391C2B1F2D0F003E9B92 /* SDWebImage in Frameworks */,
				13127A812AF36017008C7927 /* FirebaseStorage in Frameworks */,
				5FC7C3CDA91FEFEC6E4E489F /* Pods_InstaUiKit.framework in Frameworks */,
				13DBE7692AEB76F90006F3B9 /* RxSwift in Frameworks */,
				13127A792AF36017008C7927 /* FirebaseFirestoreSwift in Frameworks */,
				1329391E2B1F2D0F003E9B92 /* SDWebImageMapKit in Frameworks */,
				13127A7B2AF36017008C7927 /* FirebaseInAppMessaging-Beta in Frameworks */,
			);
			runOnlyForDeploymentPostprocessing = 0;
		};
/* End PBXFrameworksBuildPhase section */

/* Begin PBXGroup section */
		1311662B2A70FB9900CD0373 = {
			isa = PBXGroup;
			children = (
				131166362A70FB9900CD0373 /* InstaUiKit */,
				131166352A70FB9900CD0373 /* Products */,
				97D7B468F83E0DFB94E45DD0 /* Pods */,
				7A1121D9D6F2ECE7E142AC39 /* Frameworks */,
			);
			sourceTree = "<group>";
		};
		131166352A70FB9900CD0373 /* Products */ = {
			isa = PBXGroup;
			children = (
				131166342A70FB9900CD0373 /* InstaUiKit.app */,
			);
			name = Products;
			sourceTree = "<group>";
		};
		131166362A70FB9900CD0373 /* InstaUiKit */ = {
			isa = PBXGroup;
			children = (
				13FC207B2AF2449900D7EEFD /* InstaUiKit.entitlements */,
				131166542A70FEE200CD0373 /* AppDelegate */,
				1368D1542B1713E800B42AC4 /* Repository */,
				13DBE7732AEB933E0006F3B9 /* Utilities */,
				13FC207C2AF267E100D7EEFD /* Database */,
				1311665C2A7100E600CD0373 /* Extensions */,
				13DBE77B2AEB986A0006F3B9 /* Common */,
				131166562A70FEFA00CD0373 /* Storyboard */,
				131166572A70FF0100CD0373 /* Screens */,
				131166582A70FF2000CD0373 /* Resources */,
				131166452A70FB9A00CD0373 /* Info.plist */,
				131166722A712A0700CD0373 /* GoogleService-Info.plist */,
				1368D1852B174C9800B42AC4 /* InstaUiKit.xcdatamodeld */,
			);
			path = InstaUiKit;
			sourceTree = "<group>";
		};
		131166542A70FEE200CD0373 /* AppDelegate */ = {
			isa = PBXGroup;
			children = (
				131166372A70FB9900CD0373 /* AppDelegate.swift */,
				131166392A70FB9900CD0373 /* SceneDelegate.swift */,
			);
			path = AppDelegate;
			sourceTree = "<group>";
		};
		131166562A70FEFA00CD0373 /* Storyboard */ = {
			isa = PBXGroup;
			children = (
				131166592A70FF3F00CD0373 /* LaunchScreen */,
				1311665A2A70FF5700CD0373 /* Authentication */,
				1392D0382A80B6F1004B6654 /* MainTab */,
				13DBE7762AEB939E0006F3B9 /* Common */,
			);
			path = Storyboard;
			sourceTree = "<group>";
		};
		131166572A70FF0100CD0373 /* Screens */ = {
			isa = PBXGroup;
			children = (
				1392D0322A80B664004B6654 /* Authentication */,
				131166802A713C4700CD0373 /* MainTab */,
			);
			path = Screens;
			sourceTree = "<group>";
		};
		131166582A70FF2000CD0373 /* Resources */ = {
			isa = PBXGroup;
			children = (
				131166402A70FB9A00CD0373 /* Assets.xcassets */,
			);
			path = Resources;
			sourceTree = "<group>";
		};
		131166592A70FF3F00CD0373 /* LaunchScreen */ = {
			isa = PBXGroup;
			children = (
				131166422A70FB9A00CD0373 /* LaunchScreen.storyboard */,
			);
			path = LaunchScreen;
			sourceTree = "<group>";
		};
		1311665A2A70FF5700CD0373 /* Authentication */ = {
			isa = PBXGroup;
			children = (
				1311663D2A70FB9900CD0373 /* Main.storyboard */,
			);
			path = Authentication;
			sourceTree = "<group>";
		};
		1311665C2A7100E600CD0373 /* Extensions */ = {
			isa = PBXGroup;
			children = (
				139110002A864CBD00CABCD5 /* ImageLoader+Extensions.swift */,
				13DBE7742AEB938C0006F3B9 /* Storyboard+Extensions.swift */,
			);
			path = Extensions;
			sourceTree = "<group>";
		};
		131166802A713C4700CD0373 /* MainTab */ = {
			isa = PBXGroup;
			children = (
				1392D0212A80B50B004B6654 /* MainTabVC.swift */,
				131166832A7146D800CD0373 /* Home */,
				131166842A7146E200CD0373 /* Search */,
				131166852A7146EF00CD0373 /* Post */,
				131166862A7146F600CD0373 /* Likes */,
				131166872A7146FD00CD0373 /* Profile */,
			);
			path = MainTab;
			sourceTree = "<group>";
		};
		131166832A7146D800CD0373 /* Home */ = {
			isa = PBXGroup;
			children = (
				139110192A86516700CABCD5 /* Model */,
				139110182A86516200CABCD5 /* View */,
				139110172A86514F00CABCD5 /* ViewModel */,
			);
			path = Home;
			sourceTree = "<group>";
		};
		131166842A7146E200CD0373 /* Search */ = {
			isa = PBXGroup;
			children = (
				139110122A8650CF00CABCD5 /* Model */,
				139110112A8650C700CABCD5 /* View */,
				139110102A8650BD00CABCD5 /* ViewModel */,
			);
			path = Search;
			sourceTree = "<group>";
		};
		131166852A7146EF00CD0373 /* Post */ = {
			isa = PBXGroup;
			children = (
				139110022A864F9700CABCD5 /* Model */,
				139110032A864FE600CABCD5 /* View */,
				139110042A864FED00CABCD5 /* ViewModel */,
			);
			path = Post;
			sourceTree = "<group>";
		};
		131166862A7146F600CD0373 /* Likes */ = {
			isa = PBXGroup;
			children = (
				1391100B2A86507E00CABCD5 /* Model */,
				1391100A2A86507500CABCD5 /* View */,
				139110092A86506A00CABCD5 /* ViewModel */,
			);
			path = Likes;
			sourceTree = "<group>";
		};
		131166872A7146FD00CD0373 /* Profile */ = {
			isa = PBXGroup;
			children = (
				1392D03B2A80B744004B6654 /* Model */,
				1392D03A2A80B73E004B6654 /* View */,
				1392D0392A80B733004B6654 /* ViewModel */,
			);
			path = Profile;
			sourceTree = "<group>";
		};
		13127A822AF367DC008C7927 /* FollowingCell */ = {
			isa = PBXGroup;
			children = (
				138BC5E72A73A4D300020297 /* FollowingCell.swift */,
				138BC5E82A73A4D300020297 /* FollowingCell.xib */,
			);
			path = FollowingCell;
			sourceTree = "<group>";
		};
		13127A862AF36FF6008C7927 /* Model */ = {
			isa = PBXGroup;
			children = (
				13127A882AF37015008C7927 /* UserModel */,
			);
			path = Model;
			sourceTree = "<group>";
		};
		13127A872AF36FFD008C7927 /* ViewModel */ = {
			isa = PBXGroup;
			children = (
				13FC207D2AF2685E00D7EEFD /* UserInfo */,
			);
			path = ViewModel;
			sourceTree = "<group>";
		};
		13127A882AF37015008C7927 /* UserModel */ = {
			isa = PBXGroup;
			children = (
				13127A892AF3702F008C7927 /* UserModel.swift */,
			);
			path = UserModel;
			sourceTree = "<group>";
		};
		13127A8B2AF3AA01008C7927 /* Chat */ = {
			isa = PBXGroup;
			children = (
				13127A8E2AF3AA21008C7927 /* Model */,
				13127A8D2AF3AA1B008C7927 /* View */,
				13127A8C2AF3AA13008C7927 /* ViewModel */,
			);
			path = Chat;
			sourceTree = "<group>";
		};
		13127A8C2AF3AA13008C7927 /* ViewModel */ = {
			isa = PBXGroup;
			children = (
				13127A932AF3BED1008C7927 /* ChatVCViewModel.swift */,
			);
			path = ViewModel;
			sourceTree = "<group>";
		};
		13127A8D2AF3AA1B008C7927 /* View */ = {
			isa = PBXGroup;
			children = (
				13127A8F2AF3AA35008C7927 /* ChatVC.swift */,
			);
			path = View;
			sourceTree = "<group>";
		};
		13127A8E2AF3AA21008C7927 /* Model */ = {
			isa = PBXGroup;
			children = (
				13127A952AF3CC67008C7927 /* ChatVCModel.swift */,
			);
			path = Model;
			sourceTree = "<group>";
		};
		1355B8D02B0CCB630027A2AF /* SendNotification */ = {
			isa = PBXGroup;
			children = (
				1355B8D12B0CCB840027A2AF /* Notification.swift */,
			);
			path = SendNotification;
			sourceTree = "<group>";
		};
		1368D1542B1713E800B42AC4 /* Repository */ = {
			isa = PBXGroup;
			children = (
				1368D1552B17141900B42AC4 /* PersistantStorage.swift */,
				1368D1572B17190800B42AC4 /* CDUsersRepository */,
			);
			path = Repository;
			sourceTree = "<group>";
		};
		1368D1572B17190800B42AC4 /* CDUsersRepository */ = {
			isa = PBXGroup;
			children = (
				1368D1582B17191900B42AC4 /* Model */,
				1368D1592B17192000B42AC4 /* ViewModel */,
			);
			path = CDUsersRepository;
			sourceTree = "<group>";
		};
		1368D1582B17191900B42AC4 /* Model */ = {
			isa = PBXGroup;
			children = (
				1368D15F2B1719C800B42AC4 /* CDUsersModel.swift */,
			);
			path = Model;
			sourceTree = "<group>";
		};
		1368D1592B17192000B42AC4 /* ViewModel */ = {
			isa = PBXGroup;
			children = (
				1368D1822B1740C400B42AC4 /* CDUserManager */,
				1368D15A2B17193100B42AC4 /* CDUsers+CoreData */,
			);
			path = ViewModel;
			sourceTree = "<group>";
		};
		1368D15A2B17193100B42AC4 /* CDUsers+CoreData */ = {
			isa = PBXGroup;
			children = (
				1368D1892B174F1D00B42AC4 /* CDUsers+CoreDataClass.swift */,
				1368D1882B174F1D00B42AC4 /* CDUsers+CoreDataProperties.swift */,
			);
			path = "CDUsers+CoreData";
			sourceTree = "<group>";
		};
		1368D1822B1740C400B42AC4 /* CDUserManager */ = {
			isa = PBXGroup;
			children = (
				1368D1832B1740DF00B42AC4 /* CDUserManager.swift */,
			);
			path = CDUserManager;
			sourceTree = "<group>";
		};
		1368D18C2B17523600B42AC4 /* SwitchAccount */ = {
			isa = PBXGroup;
			children = (
				1368D18D2B17525E00B42AC4 /* SwitchAccountVC.swift */,
				1368D18F2B175A5700B42AC4 /* SwitchAccountCell.swift */,
			);
			path = SwitchAccount;
			sourceTree = "<group>";
		};
		137E549A2B14766400186558 /* FollowerAndFollowing */ = {
			isa = PBXGroup;
			children = (
				137E549D2B14769600186558 /* View */,
				137E549E2B1476A000186558 /* ViewModel */,
			);
			path = FollowerAndFollowing;
			sourceTree = "<group>";
		};
		137E549D2B14769600186558 /* View */ = {
			isa = PBXGroup;
			children = (
				137E549B2B14768800186558 /* FollowersAndFollowingVC.swift */,
			);
			path = View;
			sourceTree = "<group>";
		};
		137E549E2B1476A000186558 /* ViewModel */ = {
			isa = PBXGroup;
			children = (
				137E549F2B1476BD00186558 /* FollowersAndFollowingViewModel.swift */,
			);
			path = ViewModel;
			sourceTree = "<group>";
		};
		137E679D2B18A2C400525169 /* Notification */ = {
			isa = PBXGroup;
			children = (
				137E679E2B18A2D400525169 /* View */,
				137E679F2B18A2DA00525169 /* ViewModel */,
			);
			path = Notification;
			sourceTree = "<group>";
		};
		137E679E2B18A2D400525169 /* View */ = {
			isa = PBXGroup;
			children = (
				137E67A02B18A2FD00525169 /* NotificationVC.swift */,
				13A21CE02B199D46000ED554 /* NotificationCell.swift */,
			);
			path = View;
			sourceTree = "<group>";
		};
		137E679F2B18A2DA00525169 /* ViewModel */ = {
			isa = PBXGroup;
			children = (
				13A21CDE2B1995A9000ED554 /* NotificationViewModel.swift */,
			);
			path = ViewModel;
			sourceTree = "<group>";
		};
		1385F38A2AF5200D006C8363 /* UsersProfile */ = {
			isa = PBXGroup;
			children = (
				1385F38C2AF5202C006C8363 /* View */,
				13C508CA2B109F2A0013C52D /* ViewModel */,
			);
			path = UsersProfile;
			sourceTree = "<group>";
		};
		1385F38C2AF5202C006C8363 /* View */ = {
			isa = PBXGroup;
			children = (
				1385F38E2AF5205F006C8363 /* UsersProfileView.swift */,
				132847222AFCEB4600A2397F /* UsersProfileViewCell.swift */,
			);
			path = View;
			sourceTree = "<group>";
		};
		138BC5D52A7391DB00020297 /* Feed */ = {
			isa = PBXGroup;
			children = (
				13B4B3E92AFA396100EB13EE /* View */,
				13B4B3E82AFA395A00EB13EE /* ViewModel */,
			);
			path = Feed;
			sourceTree = "<group>";
		};
		138BC5D62A7391ED00020297 /* Stories */ = {
			isa = PBXGroup;
			children = (
				13C508C62B108AFA0013C52D /* Model */,
				13C508C52B108AF30013C52D /* View */,
				13C508C42B108AEB0013C52D /* ViewModel */,
			);
			path = Stories;
			sourceTree = "<group>";
		};
		138BC5D72A7391FC00020297 /* DirectMsg */ = {
			isa = PBXGroup;
			children = (
				13127A8B2AF3AA01008C7927 /* Chat */,
				138BC5D82A73922100020297 /* DirectMsgVC.swift */,
				138BC5DA2A7395C800020297 /* DirectMsgCell.swift */,
			);
			path = DirectMsg;
			sourceTree = "<group>";
		};
		138BC5DD2A739CBD00020297 /* CollectionView */ = {
			isa = PBXGroup;
			children = (
				138BC5E02A739D7800020297 /* SearchVCCollectionViewCell.swift */,
			);
			path = CollectionView;
			sourceTree = "<group>";
		};
		138BC5E22A73A46400020297 /* TableView */ = {
			isa = PBXGroup;
			children = (
				138BC5E32A73A4B300020297 /* LikesCell.swift */,
				138BC5E42A73A4B300020297 /* LikesCell.xib */,
			);
			path = TableView;
			sourceTree = "<group>";
		};
		138BC5EB2A73B7B400020297 /* CollectionView */ = {
			isa = PBXGroup;
			children = (
				138BC5EC2A73B7E400020297 /* PostVCCollectionCell.swift */,
			);
			path = CollectionView;
			sourceTree = "<group>";
		};
		139110022A864F9700CABCD5 /* Model */ = {
			isa = PBXGroup;
			children = (
				139110052A86502400CABCD5 /* PostModel.swift */,
			);
			path = Model;
			sourceTree = "<group>";
		};
		139110032A864FE600CABCD5 /* View */ = {
			isa = PBXGroup;
			children = (
				1392D0272A80B538004B6654 /* PostVC.swift */,
				134F7F412AEF7C6800B6C31E /* UploadVC.swift */,
				138BC5EB2A73B7B400020297 /* CollectionView */,
			);
			path = View;
			sourceTree = "<group>";
		};
		139110042A864FED00CABCD5 /* ViewModel */ = {
			isa = PBXGroup;
			children = (
				139110072A86503700CABCD5 /* PostViewModel.swift */,
			);
			path = ViewModel;
			sourceTree = "<group>";
		};
		139110092A86506A00CABCD5 /* ViewModel */ = {
			isa = PBXGroup;
			children = (
				1391100E2A8650AF00CABCD5 /* LikesViewModel.swift */,
			);
			path = ViewModel;
			sourceTree = "<group>";
		};
		1391100A2A86507500CABCD5 /* View */ = {
			isa = PBXGroup;
			children = (
				1392D0292A80B541004B6654 /* LikesVC.swift */,
				138BC5E22A73A46400020297 /* TableView */,
			);
			path = View;
			sourceTree = "<group>";
		};
		1391100B2A86507E00CABCD5 /* Model */ = {
			isa = PBXGroup;
			children = (
				1391100C2A86509F00CABCD5 /* LikesModel.swift */,
			);
			path = Model;
			sourceTree = "<group>";
		};
		139110102A8650BD00CABCD5 /* ViewModel */ = {
			isa = PBXGroup;
			children = (
				139110152A8650FF00CABCD5 /* SearchViewModel.swift */,
			);
			path = ViewModel;
			sourceTree = "<group>";
		};
		139110112A8650C700CABCD5 /* View */ = {
			isa = PBXGroup;
			children = (
				1392D0252A80B52E004B6654 /* SearchVC.swift */,
				138BC5DD2A739CBD00020297 /* CollectionView */,
				1385F38A2AF5200D006C8363 /* UsersProfile */,
			);
			path = View;
			sourceTree = "<group>";
		};
		139110122A8650CF00CABCD5 /* Model */ = {
			isa = PBXGroup;
			children = (
				139110132A8650ED00CABCD5 /* SearchModel.swift */,
			);
			path = Model;
			sourceTree = "<group>";
		};
		139110172A86514F00CABCD5 /* ViewModel */ = {
			isa = PBXGroup;
			children = (
				1391101C2A86519B00CABCD5 /* HomeViewModel.swift */,
			);
			path = ViewModel;
			sourceTree = "<group>";
		};
		139110182A86516200CABCD5 /* View */ = {
			isa = PBXGroup;
			children = (
				1392D0232A80B522004B6654 /* HomeVC.swift */,
				137E679D2B18A2C400525169 /* Notification */,
				138BC5D62A7391ED00020297 /* Stories */,
				138BC5D72A7391FC00020297 /* DirectMsg */,
			);
			path = View;
			sourceTree = "<group>";
		};
		139110192A86516700CABCD5 /* Model */ = {
			isa = PBXGroup;
			children = (
				1391101A2A86518A00CABCD5 /* HomeModel.swift */,
			);
			path = Model;
			sourceTree = "<group>";
		};
		1392D0322A80B664004B6654 /* Authentication */ = {
			isa = PBXGroup;
			children = (
				1392D0342A80B677004B6654 /* View */,
				13DBE78A2AEBC19D0006F3B9 /* ViewModel */,
			);
			path = Authentication;
			sourceTree = "<group>";
		};
		1392D0332A80B671004B6654 /* AuthenticationViewModel */ = {
			isa = PBXGroup;
			children = (
				13DBE7882AEBC12E0006F3B9 /* AuthenticationViewModel.swift */,
			);
			path = AuthenticationViewModel;
			sourceTree = "<group>";
		};
		1392D0342A80B677004B6654 /* View */ = {
			isa = PBXGroup;
			children = (
				1392D0362A80B6B5004B6654 /* SignIn */,
				1392D0372A80B6C5004B6654 /* SignUp */,
				1368D18C2B17523600B42AC4 /* SwitchAccount */,
			);
			path = View;
			sourceTree = "<group>";
		};
		1392D0362A80B6B5004B6654 /* SignIn */ = {
			isa = PBXGroup;
			children = (
				1392D01D2A80B4ED004B6654 /* SignInVC.swift */,
			);
			path = SignIn;
			sourceTree = "<group>";
		};
		1392D0372A80B6C5004B6654 /* SignUp */ = {
			isa = PBXGroup;
			children = (
				1392D01F2A80B4F6004B6654 /* SignUpVC.swift */,
			);
			path = SignUp;
			sourceTree = "<group>";
		};
		1392D0382A80B6F1004B6654 /* MainTab */ = {
			isa = PBXGroup;
			children = (
				1392D0182A80B48D004B6654 /* MainTab.storyboard */,
			);
			path = MainTab;
			sourceTree = "<group>";
		};
		1392D0392A80B733004B6654 /* ViewModel */ = {
			isa = PBXGroup;
			children = (
				136B84A12A83B8E700C102F1 /* ProfileViewModel.swift */,
			);
			path = ViewModel;
			sourceTree = "<group>";
		};
		1392D03A2A80B73E004B6654 /* View */ = {
			isa = PBXGroup;
			children = (
				1392D02B2A80B54A004B6654 /* ProfileVC.swift */,
				13FB7D632A724BD200D8FC5C /* PhotosCell.swift */,
				1392D03C2A80B79D004B6654 /* EditProfile */,
			);
			path = View;
			sourceTree = "<group>";
		};
		1392D03B2A80B744004B6654 /* Model */ = {
			isa = PBXGroup;
			children = (
				138BC5FE2A73CABE00020297 /* ProfileModel.swift */,
			);
			path = Model;
			sourceTree = "<group>";
		};
		1392D03C2A80B79D004B6654 /* EditProfile */ = {
			isa = PBXGroup;
			children = (
				1392D03F2A80C5B8004B6654 /* View */,
				1392D0402A80C5C0004B6654 /* ViewModel */,
			);
			path = EditProfile;
			sourceTree = "<group>";
		};
		1392D03F2A80C5B8004B6654 /* View */ = {
			isa = PBXGroup;
			children = (
				138BC5D32A73806E00020297 /* EditProfileVC.swift */,
			);
			path = View;
			sourceTree = "<group>";
		};
		1392D0402A80C5C0004B6654 /* ViewModel */ = {
			isa = PBXGroup;
			children = (
				136B84A32A83B8FC00C102F1 /* EditProfileViewModel.swift */,
			);
			path = ViewModel;
			sourceTree = "<group>";
		};
		139627612AFBB57B0034F139 /* CommentCell */ = {
			isa = PBXGroup;
			children = (
				139627622AFBB59B0034F139 /* CommentCell.swift */,
			);
			path = CommentCell;
			sourceTree = "<group>";
		};
		13B4B3E82AFA395A00EB13EE /* ViewModel */ = {
			isa = PBXGroup;
			children = (
				13B4B3F12AFA48CA00EB13EE /* FeedViewModel.swift */,
				1396275F2AFBA57D0034F139 /* CommentsViewModel.swift */,
			);
			path = ViewModel;
			sourceTree = "<group>";
		};
		13B4B3E92AFA396100EB13EE /* View */ = {
			isa = PBXGroup;
			children = (
				13B4B3EF2AFA3FB200EB13EE /* FeedViewVC.swift */,
				1396275D2AFBA5050034F139 /* CommentsVC.swift */,
				139627612AFBB57B0034F139 /* CommentCell */,
				13B4B3EA2AFA396C00EB13EE /* FeedCell */,
			);
			path = View;
			sourceTree = "<group>";
		};
		13B4B3EA2AFA396C00EB13EE /* FeedCell */ = {
			isa = PBXGroup;
			children = (
				13FB7D5E2A722DE000D8FC5C /* FeedCell.xib */,
				13FB7D5D2A722DE000D8FC5C /* FeedCell.swift */,
			);
			path = FeedCell;
			sourceTree = "<group>";
		};
		13C508C42B108AEB0013C52D /* ViewModel */ = {
			isa = PBXGroup;
			children = (
			);
			path = ViewModel;
			sourceTree = "<group>";
		};
		13C508C52B108AF30013C52D /* View */ = {
			isa = PBXGroup;
			children = (
				13C508C72B108B3B0013C52D /* AddStoryVC.swift */,
				13FB7D612A723F0900D8FC5C /* StoriesCell.swift */,
			);
			path = View;
			sourceTree = "<group>";
		};
		13C508C62B108AFA0013C52D /* Model */ = {
			isa = PBXGroup;
			children = (
			);
			path = Model;
			sourceTree = "<group>";
		};
		13C508CA2B109F2A0013C52D /* ViewModel */ = {
			isa = PBXGroup;
			children = (
				13C508CB2B109F650013C52D /* UsersProfileViewModel.swift */,
			);
			path = ViewModel;
			sourceTree = "<group>";
		};
		13DBE7732AEB933E0006F3B9 /* Utilities */ = {
			isa = PBXGroup;
			children = (
				138BC5FB2A73BED600020297 /* ImagePicker.swift */,
				1392D00F2A80B3BE004B6654 /* RoundedCorner.swift */,
				13DBE7792AEB95290006F3B9 /* Navigator.swift */,
				13DBE7942AEBD0CA0006F3B9 /* SaveData.swift */,
			);
			path = Utilities;
			sourceTree = "<group>";
		};
		13DBE7762AEB939E0006F3B9 /* Common */ = {
			isa = PBXGroup;
			children = (
				13DBE7772AEB93AE0006F3B9 /* Common.storyboard */,
			);
			path = Common;
			sourceTree = "<group>";
		};
		13DBE77B2AEB986A0006F3B9 /* Common */ = {
			isa = PBXGroup;
			children = (
				137E549A2B14766400186558 /* FollowerAndFollowing */,
				1355B8D02B0CCB630027A2AF /* SendNotification */,
				138BC5D52A7391DB00020297 /* Feed */,
				13127A822AF367DC008C7927 /* FollowingCell */,
				13DBE7912AEBC3190006F3B9 /* Alert */,
				13DBE7812AEBB82B0006F3B9 /* Loader */,
			);
			path = Common;
			sourceTree = "<group>";
		};
		13DBE7812AEBB82B0006F3B9 /* Loader */ = {
			isa = PBXGroup;
			children = (
				13DBE7822AEBB8360006F3B9 /* View */,
				13DBE7832AEBB83D0006F3B9 /* ViewModel */,
			);
			path = Loader;
			sourceTree = "<group>";
		};
		13DBE7822AEBB8360006F3B9 /* View */ = {
			isa = PBXGroup;
			children = (
				13DBE7862AEBBD130006F3B9 /* LoaderVC.swift */,
			);
			path = View;
			sourceTree = "<group>";
		};
		13DBE7832AEBB83D0006F3B9 /* ViewModel */ = {
			isa = PBXGroup;
			children = (
				13DBE7842AEBB85C0006F3B9 /* LoaderVCViewModel.swift */,
			);
			path = ViewModel;
			sourceTree = "<group>";
		};
		13DBE78A2AEBC19D0006F3B9 /* ViewModel */ = {
			isa = PBXGroup;
			children = (
				1392D0332A80B671004B6654 /* AuthenticationViewModel */,
				13DBE78C2AEBC1CA0006F3B9 /* SignInViewModel */,
				13DBE78B2AEBC1B80006F3B9 /* SignUpViewModel */,
				13E2F45C2B18552E002BDA4A /* SwitchAccountViewModel */,
			);
			path = ViewModel;
			sourceTree = "<group>";
		};
		13DBE78B2AEBC1B80006F3B9 /* SignUpViewModel */ = {
			isa = PBXGroup;
			children = (
				13DBE78D2AEBC1F60006F3B9 /* SignUpVCViewModel.swift */,
			);
			path = SignUpViewModel;
			sourceTree = "<group>";
		};
		13DBE78C2AEBC1CA0006F3B9 /* SignInViewModel */ = {
			isa = PBXGroup;
			children = (
				13DBE78F2AEBC20C0006F3B9 /* SignInVCViewModel.swift */,
			);
			path = SignInViewModel;
			sourceTree = "<group>";
		};
		13DBE7912AEBC3190006F3B9 /* Alert */ = {
			isa = PBXGroup;
			children = (
				13DBE7922AEBC32A0006F3B9 /* Alert.swift */,
			);
			path = Alert;
			sourceTree = "<group>";
		};
		13E2F45C2B18552E002BDA4A /* SwitchAccountViewModel */ = {
			isa = PBXGroup;
			children = (
				13E2F45D2B18554A002BDA4A /* SwitchAccountViewModel.swift */,
			);
			path = SwitchAccountViewModel;
			sourceTree = "<group>";
		};
		13FC207C2AF267E100D7EEFD /* Database */ = {
			isa = PBXGroup;
			children = (
				13127A862AF36FF6008C7927 /* Model */,
				13127A872AF36FFD008C7927 /* ViewModel */,
			);
			path = Database;
			sourceTree = "<group>";
		};
		13FC207D2AF2685E00D7EEFD /* UserInfo */ = {
			isa = PBXGroup;
			children = (
				13FC207E2AF2687D00D7EEFD /* StoreUserInfo.swift */,
				13127A842AF36CA0008C7927 /* FetchUserInfo.swift */,
			);
			path = UserInfo;
			sourceTree = "<group>";
		};
		7A1121D9D6F2ECE7E142AC39 /* Frameworks */ = {
			isa = PBXGroup;
			children = (
				5FEBF60A2EEA38CC296EFB81 /* Pods_InstaUiKit.framework */,
			);
			name = Frameworks;
			sourceTree = "<group>";
		};
		97D7B468F83E0DFB94E45DD0 /* Pods */ = {
			isa = PBXGroup;
			children = (
				3A55025370778E801932B594 /* Pods-InstaUiKit.debug.xcconfig */,
				750337433BA13E892417DBEB /* Pods-InstaUiKit.release.xcconfig */,
			);
			path = Pods;
			sourceTree = "<group>";
		};
/* End PBXGroup section */

/* Begin PBXNativeTarget section */
		131166332A70FB9900CD0373 /* InstaUiKit */ = {
			isa = PBXNativeTarget;
			buildConfigurationList = 131166482A70FB9A00CD0373 /* Build configuration list for PBXNativeTarget "InstaUiKit" */;
			buildPhases = (
				B168A9245B12760DECFABB66 /* [CP] Check Pods Manifest.lock */,
				131166302A70FB9900CD0373 /* Sources */,
				131166312A70FB9900CD0373 /* Frameworks */,
				131166322A70FB9900CD0373 /* Resources */,
				DF4A50E7395B4ABE3B990D50 /* [CP] Embed Pods Frameworks */,
			);
			buildRules = (
			);
			dependencies = (
			);
			name = InstaUiKit;
			packageProductDependencies = (
				138BC6012A73D8CB00020297 /* Kingfisher */,
				13DBE7662AEB76F90006F3B9 /* RxCocoa */,
				13DBE7682AEB76F90006F3B9 /* RxSwift */,
				13127A702AF36017008C7927 /* FirebaseAuth */,
				13127A722AF36017008C7927 /* FirebaseDatabase */,
				13127A742AF36017008C7927 /* FirebaseDatabaseSwift */,
				13127A762AF36017008C7927 /* FirebaseFirestore */,
				13127A782AF36017008C7927 /* FirebaseFirestoreSwift */,
				13127A7A2AF36017008C7927 /* FirebaseInAppMessaging-Beta */,
				13127A7C2AF36017008C7927 /* FirebaseInAppMessagingSwift-Beta */,
				13127A7E2AF36017008C7927 /* FirebaseMessaging */,
				13127A802AF36017008C7927 /* FirebaseStorage */,
				1361C9662AFDEA9D00C00A71 /* SkeletonView */,
				1329391B2B1F2D0F003E9B92 /* SDWebImage */,
				1329391D2B1F2D0F003E9B92 /* SDWebImageMapKit */,
			);
			productName = InstaUiKit;
			productReference = 131166342A70FB9900CD0373 /* InstaUiKit.app */;
			productType = "com.apple.product-type.application";
		};
/* End PBXNativeTarget section */

/* Begin PBXProject section */
		1311662C2A70FB9900CD0373 /* Project object */ = {
			isa = PBXProject;
			attributes = {
				BuildIndependentTargetsInParallel = 1;
				LastSwiftUpdateCheck = 1320;
				LastUpgradeCheck = 1320;
				TargetAttributes = {
					131166332A70FB9900CD0373 = {
						CreatedOnToolsVersion = 13.2;
					};
				};
			};
			buildConfigurationList = 1311662F2A70FB9900CD0373 /* Build configuration list for PBXProject "InstaUiKit" */;
			compatibilityVersion = "Xcode 13.0";
			developmentRegion = en;
			hasScannedForEncodings = 0;
			knownRegions = (
				en,
				Base,
			);
			mainGroup = 1311662B2A70FB9900CD0373;
			packageReferences = (
				138BC6002A73D8CB00020297 /* XCRemoteSwiftPackageReference "Kingfisher" */,
				13DBE7652AEB76F90006F3B9 /* XCRemoteSwiftPackageReference "RxSwift" */,
				13127A6F2AF36017008C7927 /* XCRemoteSwiftPackageReference "firebase-ios-sdk" */,
				1361C9652AFDEA9D00C00A71 /* XCRemoteSwiftPackageReference "SkeletonView" */,
				1329391A2B1F2D0F003E9B92 /* XCRemoteSwiftPackageReference "SDWebImage" */,
			);
			productRefGroup = 131166352A70FB9900CD0373 /* Products */;
			projectDirPath = "";
			projectRoot = "";
			targets = (
				131166332A70FB9900CD0373 /* InstaUiKit */,
			);
		};
/* End PBXProject section */

/* Begin PBXResourcesBuildPhase section */
		131166322A70FB9900CD0373 /* Resources */ = {
			isa = PBXResourcesBuildPhase;
			buildActionMask = 2147483647;
			files = (
				131166442A70FB9A00CD0373 /* LaunchScreen.storyboard in Resources */,
				131166732A712A0700CD0373 /* GoogleService-Info.plist in Resources */,
				138BC5EA2A73A4D300020297 /* FollowingCell.xib in Resources */,
				13DBE7782AEB93AE0006F3B9 /* Common.storyboard in Resources */,
				13FB7D602A722DE000D8FC5C /* FeedCell.xib in Resources */,
				131166412A70FB9A00CD0373 /* Assets.xcassets in Resources */,
				1392D0192A80B48D004B6654 /* MainTab.storyboard in Resources */,
				138BC5E62A73A4B300020297 /* LikesCell.xib in Resources */,
				1311663F2A70FB9900CD0373 /* Main.storyboard in Resources */,
			);
			runOnlyForDeploymentPostprocessing = 0;
		};
/* End PBXResourcesBuildPhase section */

/* Begin PBXShellScriptBuildPhase section */
		B168A9245B12760DECFABB66 /* [CP] Check Pods Manifest.lock */ = {
			isa = PBXShellScriptBuildPhase;
			buildActionMask = 2147483647;
			files = (
			);
			inputFileListPaths = (
			);
			inputPaths = (
				"${PODS_PODFILE_DIR_PATH}/Podfile.lock",
				"${PODS_ROOT}/Manifest.lock",
			);
			name = "[CP] Check Pods Manifest.lock";
			outputFileListPaths = (
			);
			outputPaths = (
				"$(DERIVED_FILE_DIR)/Pods-InstaUiKit-checkManifestLockResult.txt",
			);
			runOnlyForDeploymentPostprocessing = 0;
			shellPath = /bin/sh;
			shellScript = "diff \"${PODS_PODFILE_DIR_PATH}/Podfile.lock\" \"${PODS_ROOT}/Manifest.lock\" > /dev/null\nif [ $? != 0 ] ; then\n    # print error to STDERR\n    echo \"error: The sandbox is not in sync with the Podfile.lock. Run 'pod install' or update your CocoaPods installation.\" >&2\n    exit 1\nfi\n# This output is used by Xcode 'outputs' to avoid re-running this script phase.\necho \"SUCCESS\" > \"${SCRIPT_OUTPUT_FILE_0}\"\n";
			showEnvVarsInLog = 0;
		};
		DF4A50E7395B4ABE3B990D50 /* [CP] Embed Pods Frameworks */ = {
			isa = PBXShellScriptBuildPhase;
			buildActionMask = 2147483647;
			files = (
			);
			inputFileListPaths = (
				"${PODS_ROOT}/Target Support Files/Pods-InstaUiKit/Pods-InstaUiKit-frameworks-${CONFIGURATION}-input-files.xcfilelist",
			);
			name = "[CP] Embed Pods Frameworks";
			outputFileListPaths = (
				"${PODS_ROOT}/Target Support Files/Pods-InstaUiKit/Pods-InstaUiKit-frameworks-${CONFIGURATION}-output-files.xcfilelist",
			);
			runOnlyForDeploymentPostprocessing = 0;
			shellPath = /bin/sh;
			shellScript = "\"${PODS_ROOT}/Target Support Files/Pods-InstaUiKit/Pods-InstaUiKit-frameworks.sh\"\n";
			showEnvVarsInLog = 0;
		};
/* End PBXShellScriptBuildPhase section */

/* Begin PBXSourcesBuildPhase section */
		131166302A70FB9900CD0373 /* Sources */ = {
			isa = PBXSourcesBuildPhase;
			buildActionMask = 2147483647;
			files = (
				13B4B3F02AFA3FB200EB13EE /* FeedViewVC.swift in Sources */,
				13127A902AF3AA35008C7927 /* ChatVC.swift in Sources */,
				139110082A86503700CABCD5 /* PostViewModel.swift in Sources */,
				13127A852AF36CA0008C7927 /* FetchUserInfo.swift in Sources */,
				1392D0282A80B538004B6654 /* PostVC.swift in Sources */,
				1391101B2A86518A00CABCD5 /* HomeModel.swift in Sources */,
				1368D18A2B174F1E00B42AC4 /* CDUsers+CoreDataProperties.swift in Sources */,
				138BC5ED2A73B7E400020297 /* PostVCCollectionCell.swift in Sources */,
				13DBE7752AEB938C0006F3B9 /* Storyboard+Extensions.swift in Sources */,
				13A21CDF2B1995A9000ED554 /* NotificationViewModel.swift in Sources */,
				13FB7D5F2A722DE000D8FC5C /* FeedCell.swift in Sources */,
				13FC207F2AF2687D00D7EEFD /* StoreUserInfo.swift in Sources */,
				136B84A42A83B8FC00C102F1 /* EditProfileViewModel.swift in Sources */,
				1368D1902B175A5700B42AC4 /* SwitchAccountCell.swift in Sources */,
				13DBE7902AEBC20C0006F3B9 /* SignInVCViewModel.swift in Sources */,
				139627602AFBA57D0034F139 /* CommentsViewModel.swift in Sources */,
				132847232AFCEB4600A2397F /* UsersProfileViewCell.swift in Sources */,
				13127A942AF3BED1008C7927 /* ChatVCViewModel.swift in Sources */,
				139110142A8650ED00CABCD5 /* SearchModel.swift in Sources */,
				1396275E2AFBA5050034F139 /* CommentsVC.swift in Sources */,
				1368D18E2B17525E00B42AC4 /* SwitchAccountVC.swift in Sources */,
				1392D0102A80B3BE004B6654 /* RoundedCorner.swift in Sources */,
				136B84A22A83B8E700C102F1 /* ProfileViewModel.swift in Sources */,
				138BC5E92A73A4D300020297 /* FollowingCell.swift in Sources */,
				13DBE78E2AEBC1F60006F3B9 /* SignUpVCViewModel.swift in Sources */,
				13C508CC2B109F650013C52D /* UsersProfileViewModel.swift in Sources */,
				1368D18B2B174F1E00B42AC4 /* CDUsers+CoreDataClass.swift in Sources */,
				13E2F45E2B18554A002BDA4A /* SwitchAccountViewModel.swift in Sources */,
				13DBE7952AEBD0CA0006F3B9 /* SaveData.swift in Sources */,
				1392D02C2A80B54A004B6654 /* ProfileVC.swift in Sources */,
				137E54A02B1476BD00186558 /* FollowersAndFollowingViewModel.swift in Sources */,
				13DBE7852AEBB85C0006F3B9 /* LoaderVCViewModel.swift in Sources */,
				13127A8A2AF3702F008C7927 /* UserModel.swift in Sources */,
				13127A962AF3CC67008C7927 /* ChatVCModel.swift in Sources */,
				1368D1562B17141900B42AC4 /* PersistantStorage.swift in Sources */,
				1368D1842B1740DF00B42AC4 /* CDUserManager.swift in Sources */,
				138BC5FF2A73CABE00020297 /* ProfileModel.swift in Sources */,
				1392D0202A80B4F6004B6654 /* SignUpVC.swift in Sources */,
				139110162A8650FF00CABCD5 /* SearchViewModel.swift in Sources */,
				139110062A86502400CABCD5 /* PostModel.swift in Sources */,
				137E67A12B18A2FD00525169 /* NotificationVC.swift in Sources */,
				137E549C2B14768800186558 /* FollowersAndFollowingVC.swift in Sources */,
				1368D1872B174C9800B42AC4 /* InstaUiKit.xcdatamodeld in Sources */,
				1392D0262A80B52E004B6654 /* SearchVC.swift in Sources */,
				131166382A70FB9900CD0373 /* AppDelegate.swift in Sources */,
				1391101D2A86519B00CABCD5 /* HomeViewModel.swift in Sources */,
				13DBE77A2AEB95290006F3B9 /* Navigator.swift in Sources */,
				138BC5DB2A7395C800020297 /* DirectMsgCell.swift in Sources */,
				138BC5E12A739D7800020297 /* SearchVCCollectionViewCell.swift in Sources */,
				13DBE7872AEBBD130006F3B9 /* LoaderVC.swift in Sources */,
				139110012A864CBD00CABCD5 /* ImageLoader+Extensions.swift in Sources */,
				139627632AFBB59B0034F139 /* CommentCell.swift in Sources */,
				1391100F2A8650AF00CABCD5 /* LikesViewModel.swift in Sources */,
				13FB7D642A724BD200D8FC5C /* PhotosCell.swift in Sources */,
				1392D0242A80B522004B6654 /* HomeVC.swift in Sources */,
				138BC5D92A73922100020297 /* DirectMsgVC.swift in Sources */,
				1385F38F2AF5205F006C8363 /* UsersProfileView.swift in Sources */,
				13C508C82B108B3B0013C52D /* AddStoryVC.swift in Sources */,
				1392D01E2A80B4ED004B6654 /* SignInVC.swift in Sources */,
				1392D02A2A80B541004B6654 /* LikesVC.swift in Sources */,
				138BC5E52A73A4B300020297 /* LikesCell.swift in Sources */,
				13B4B3F22AFA48CA00EB13EE /* FeedViewModel.swift in Sources */,
				13FB7D622A723F0900D8FC5C /* StoriesCell.swift in Sources */,
				1391100D2A86509F00CABCD5 /* LikesModel.swift in Sources */,
				138BC5FC2A73BED600020297 /* ImagePicker.swift in Sources */,
				13DBE7932AEBC32A0006F3B9 /* Alert.swift in Sources */,
				13DBE7892AEBC12E0006F3B9 /* AuthenticationViewModel.swift in Sources */,
				1392D0222A80B50C004B6654 /* MainTabVC.swift in Sources */,
				1355B8D22B0CCB840027A2AF /* Notification.swift in Sources */,
				1368D1602B1719C800B42AC4 /* CDUsersModel.swift in Sources */,
				138BC5D42A73806E00020297 /* EditProfileVC.swift in Sources */,
				134F7F422AEF7C6800B6C31E /* UploadVC.swift in Sources */,
				13A21CE12B199D46000ED554 /* NotificationCell.swift in Sources */,
				1311663A2A70FB9900CD0373 /* SceneDelegate.swift in Sources */,
			);
			runOnlyForDeploymentPostprocessing = 0;
		};
/* End PBXSourcesBuildPhase section */

/* Begin PBXVariantGroup section */
		1311663D2A70FB9900CD0373 /* Main.storyboard */ = {
			isa = PBXVariantGroup;
			children = (
				1311663E2A70FB9900CD0373 /* Base */,
			);
			name = Main.storyboard;
			sourceTree = "<group>";
		};
		131166422A70FB9A00CD0373 /* LaunchScreen.storyboard */ = {
			isa = PBXVariantGroup;
			children = (
				131166432A70FB9A00CD0373 /* Base */,
			);
			name = LaunchScreen.storyboard;
			sourceTree = "<group>";
		};
/* End PBXVariantGroup section */

/* Begin XCBuildConfiguration section */
		131166462A70FB9A00CD0373 /* Debug */ = {
			isa = XCBuildConfiguration;
			buildSettings = {
				ALWAYS_SEARCH_USER_PATHS = NO;
				CLANG_ANALYZER_NONNULL = YES;
				CLANG_ANALYZER_NUMBER_OBJECT_CONVERSION = YES_AGGRESSIVE;
				CLANG_CXX_LANGUAGE_STANDARD = "gnu++17";
				CLANG_CXX_LIBRARY = "libc++";
				CLANG_ENABLE_MODULES = YES;
				CLANG_ENABLE_OBJC_ARC = YES;
				CLANG_ENABLE_OBJC_WEAK = YES;
				CLANG_WARN_BLOCK_CAPTURE_AUTORELEASING = YES;
				CLANG_WARN_BOOL_CONVERSION = YES;
				CLANG_WARN_COMMA = YES;
				CLANG_WARN_CONSTANT_CONVERSION = YES;
				CLANG_WARN_DEPRECATED_OBJC_IMPLEMENTATIONS = YES;
				CLANG_WARN_DIRECT_OBJC_ISA_USAGE = YES_ERROR;
				CLANG_WARN_DOCUMENTATION_COMMENTS = YES;
				CLANG_WARN_EMPTY_BODY = YES;
				CLANG_WARN_ENUM_CONVERSION = YES;
				CLANG_WARN_INFINITE_RECURSION = YES;
				CLANG_WARN_INT_CONVERSION = YES;
				CLANG_WARN_NON_LITERAL_NULL_CONVERSION = YES;
				CLANG_WARN_OBJC_IMPLICIT_RETAIN_SELF = YES;
				CLANG_WARN_OBJC_LITERAL_CONVERSION = YES;
				CLANG_WARN_OBJC_ROOT_CLASS = YES_ERROR;
				CLANG_WARN_QUOTED_INCLUDE_IN_FRAMEWORK_HEADER = YES;
				CLANG_WARN_RANGE_LOOP_ANALYSIS = YES;
				CLANG_WARN_STRICT_PROTOTYPES = YES;
				CLANG_WARN_SUSPICIOUS_MOVE = YES;
				CLANG_WARN_UNGUARDED_AVAILABILITY = YES_AGGRESSIVE;
				CLANG_WARN_UNREACHABLE_CODE = YES;
				CLANG_WARN__DUPLICATE_METHOD_MATCH = YES;
				COPY_PHASE_STRIP = NO;
				DEBUG_INFORMATION_FORMAT = dwarf;
				ENABLE_STRICT_OBJC_MSGSEND = YES;
				ENABLE_TESTABILITY = YES;
				GCC_C_LANGUAGE_STANDARD = gnu11;
				GCC_DYNAMIC_NO_PIC = NO;
				GCC_NO_COMMON_BLOCKS = YES;
				GCC_OPTIMIZATION_LEVEL = 0;
				GCC_PREPROCESSOR_DEFINITIONS = (
					"DEBUG=1",
					"$(inherited)",
				);
				GCC_WARN_64_TO_32_BIT_CONVERSION = YES;
				GCC_WARN_ABOUT_RETURN_TYPE = YES_ERROR;
				GCC_WARN_UNDECLARED_SELECTOR = YES;
				GCC_WARN_UNINITIALIZED_AUTOS = YES_AGGRESSIVE;
				GCC_WARN_UNUSED_FUNCTION = YES;
				GCC_WARN_UNUSED_VARIABLE = YES;
				IPHONEOS_DEPLOYMENT_TARGET = 15.2;
				MTL_ENABLE_DEBUG_INFO = INCLUDE_SOURCE;
				MTL_FAST_MATH = YES;
				ONLY_ACTIVE_ARCH = YES;
				SDKROOT = iphoneos;
				SWIFT_ACTIVE_COMPILATION_CONDITIONS = DEBUG;
				SWIFT_OPTIMIZATION_LEVEL = "-Onone";
			};
			name = Debug;
		};
		131166472A70FB9A00CD0373 /* Release */ = {
			isa = XCBuildConfiguration;
			buildSettings = {
				ALWAYS_SEARCH_USER_PATHS = NO;
				CLANG_ANALYZER_NONNULL = YES;
				CLANG_ANALYZER_NUMBER_OBJECT_CONVERSION = YES_AGGRESSIVE;
				CLANG_CXX_LANGUAGE_STANDARD = "gnu++17";
				CLANG_CXX_LIBRARY = "libc++";
				CLANG_ENABLE_MODULES = YES;
				CLANG_ENABLE_OBJC_ARC = YES;
				CLANG_ENABLE_OBJC_WEAK = YES;
				CLANG_WARN_BLOCK_CAPTURE_AUTORELEASING = YES;
				CLANG_WARN_BOOL_CONVERSION = YES;
				CLANG_WARN_COMMA = YES;
				CLANG_WARN_CONSTANT_CONVERSION = YES;
				CLANG_WARN_DEPRECATED_OBJC_IMPLEMENTATIONS = YES;
				CLANG_WARN_DIRECT_OBJC_ISA_USAGE = YES_ERROR;
				CLANG_WARN_DOCUMENTATION_COMMENTS = YES;
				CLANG_WARN_EMPTY_BODY = YES;
				CLANG_WARN_ENUM_CONVERSION = YES;
				CLANG_WARN_INFINITE_RECURSION = YES;
				CLANG_WARN_INT_CONVERSION = YES;
				CLANG_WARN_NON_LITERAL_NULL_CONVERSION = YES;
				CLANG_WARN_OBJC_IMPLICIT_RETAIN_SELF = YES;
				CLANG_WARN_OBJC_LITERAL_CONVERSION = YES;
				CLANG_WARN_OBJC_ROOT_CLASS = YES_ERROR;
				CLANG_WARN_QUOTED_INCLUDE_IN_FRAMEWORK_HEADER = YES;
				CLANG_WARN_RANGE_LOOP_ANALYSIS = YES;
				CLANG_WARN_STRICT_PROTOTYPES = YES;
				CLANG_WARN_SUSPICIOUS_MOVE = YES;
				CLANG_WARN_UNGUARDED_AVAILABILITY = YES_AGGRESSIVE;
				CLANG_WARN_UNREACHABLE_CODE = YES;
				CLANG_WARN__DUPLICATE_METHOD_MATCH = YES;
				COPY_PHASE_STRIP = NO;
				DEBUG_INFORMATION_FORMAT = "dwarf-with-dsym";
				ENABLE_NS_ASSERTIONS = NO;
				ENABLE_STRICT_OBJC_MSGSEND = YES;
				GCC_C_LANGUAGE_STANDARD = gnu11;
				GCC_NO_COMMON_BLOCKS = YES;
				GCC_WARN_64_TO_32_BIT_CONVERSION = YES;
				GCC_WARN_ABOUT_RETURN_TYPE = YES_ERROR;
				GCC_WARN_UNDECLARED_SELECTOR = YES;
				GCC_WARN_UNINITIALIZED_AUTOS = YES_AGGRESSIVE;
				GCC_WARN_UNUSED_FUNCTION = YES;
				GCC_WARN_UNUSED_VARIABLE = YES;
				IPHONEOS_DEPLOYMENT_TARGET = 15.2;
				MTL_ENABLE_DEBUG_INFO = NO;
				MTL_FAST_MATH = YES;
				SDKROOT = iphoneos;
				SWIFT_COMPILATION_MODE = wholemodule;
				SWIFT_OPTIMIZATION_LEVEL = "-O";
				VALIDATE_PRODUCT = YES;
			};
			name = Release;
		};
		131166492A70FB9A00CD0373 /* Debug */ = {
			isa = XCBuildConfiguration;
			baseConfigurationReference = 3A55025370778E801932B594 /* Pods-InstaUiKit.debug.xcconfig */;
			buildSettings = {
				ASSETCATALOG_COMPILER_APPICON_NAME = AppIcon;
				ASSETCATALOG_COMPILER_GLOBAL_ACCENT_COLOR_NAME = AccentColor;
				CODE_SIGN_ENTITLEMENTS = InstaUiKit/InstaUiKit.entitlements;
				CODE_SIGN_STYLE = Automatic;
				CURRENT_PROJECT_VERSION = 1;
				DEVELOPMENT_TEAM = M36758779V;
				GENERATE_INFOPLIST_FILE = YES;
				INFOPLIST_FILE = InstaUiKit/Info.plist;
				INFOPLIST_KEY_NSCameraUsageDescription = "We need your permission";
				INFOPLIST_KEY_NSPhotoLibraryUsageDescription = "We need your permission";
				INFOPLIST_KEY_UIApplicationSupportsIndirectInputEvents = YES;
				INFOPLIST_KEY_UILaunchStoryboardName = LaunchScreen;
				INFOPLIST_KEY_UIMainStoryboardFile = Main;
				INFOPLIST_KEY_UISupportedInterfaceOrientations_iPad = "UIInterfaceOrientationPortrait UIInterfaceOrientationPortraitUpsideDown UIInterfaceOrientationLandscapeLeft UIInterfaceOrientationLandscapeRight";
				INFOPLIST_KEY_UISupportedInterfaceOrientations_iPhone = "UIInterfaceOrientationPortrait UIInterfaceOrientationLandscapeLeft UIInterfaceOrientationLandscapeRight";
				LD_RUNPATH_SEARCH_PATHS = (
					"$(inherited)",
					"@executable_path/Frameworks",
				);
				MARKETING_VERSION = 1.0;
				PRODUCT_BUNDLE_IDENTIFIER = com.InstaUiKit;
				PRODUCT_NAME = "$(TARGET_NAME)";
				SWIFT_EMIT_LOC_STRINGS = YES;
				SWIFT_VERSION = 5.0;
				TARGETED_DEVICE_FAMILY = "1,2";
			};
			name = Debug;
		};
		1311664A2A70FB9A00CD0373 /* Release */ = {
			isa = XCBuildConfiguration;
			baseConfigurationReference = 750337433BA13E892417DBEB /* Pods-InstaUiKit.release.xcconfig */;
			buildSettings = {
				ASSETCATALOG_COMPILER_APPICON_NAME = AppIcon;
				ASSETCATALOG_COMPILER_GLOBAL_ACCENT_COLOR_NAME = AccentColor;
				CODE_SIGN_ENTITLEMENTS = InstaUiKit/InstaUiKit.entitlements;
				CODE_SIGN_STYLE = Automatic;
				CURRENT_PROJECT_VERSION = 1;
				DEVELOPMENT_TEAM = M36758779V;
				GENERATE_INFOPLIST_FILE = YES;
				INFOPLIST_FILE = InstaUiKit/Info.plist;
				INFOPLIST_KEY_NSCameraUsageDescription = "We need your permission";
				INFOPLIST_KEY_NSPhotoLibraryUsageDescription = "We need your permission";
				INFOPLIST_KEY_UIApplicationSupportsIndirectInputEvents = YES;
				INFOPLIST_KEY_UILaunchStoryboardName = LaunchScreen;
				INFOPLIST_KEY_UIMainStoryboardFile = Main;
				INFOPLIST_KEY_UISupportedInterfaceOrientations_iPad = "UIInterfaceOrientationPortrait UIInterfaceOrientationPortraitUpsideDown UIInterfaceOrientationLandscapeLeft UIInterfaceOrientationLandscapeRight";
				INFOPLIST_KEY_UISupportedInterfaceOrientations_iPhone = "UIInterfaceOrientationPortrait UIInterfaceOrientationLandscapeLeft UIInterfaceOrientationLandscapeRight";
				LD_RUNPATH_SEARCH_PATHS = (
					"$(inherited)",
					"@executable_path/Frameworks",
				);
				MARKETING_VERSION = 1.0;
				PRODUCT_BUNDLE_IDENTIFIER = com.InstaUiKit;
				PRODUCT_NAME = "$(TARGET_NAME)";
				SWIFT_EMIT_LOC_STRINGS = YES;
				SWIFT_VERSION = 5.0;
				TARGETED_DEVICE_FAMILY = "1,2";
			};
			name = Release;
		};
/* End XCBuildConfiguration section */

/* Begin XCConfigurationList section */
		1311662F2A70FB9900CD0373 /* Build configuration list for PBXProject "InstaUiKit" */ = {
			isa = XCConfigurationList;
			buildConfigurations = (
				131166462A70FB9A00CD0373 /* Debug */,
				131166472A70FB9A00CD0373 /* Release */,
			);
			defaultConfigurationIsVisible = 0;
			defaultConfigurationName = Release;
		};
		131166482A70FB9A00CD0373 /* Build configuration list for PBXNativeTarget "InstaUiKit" */ = {
			isa = XCConfigurationList;
			buildConfigurations = (
				131166492A70FB9A00CD0373 /* Debug */,
				1311664A2A70FB9A00CD0373 /* Release */,
			);
			defaultConfigurationIsVisible = 0;
			defaultConfigurationName = Release;
		};
/* End XCConfigurationList section */

/* Begin XCRemoteSwiftPackageReference section */
		13127A6F2AF36017008C7927 /* XCRemoteSwiftPackageReference "firebase-ios-sdk" */ = {
			isa = XCRemoteSwiftPackageReference;
			repositoryURL = "https://github.com/firebase/firebase-ios-sdk";
			requirement = {
				kind = exactVersion;
				version = 9.6.0;
			};
		};
		1329391A2B1F2D0F003E9B92 /* XCRemoteSwiftPackageReference "SDWebImage" */ = {
			isa = XCRemoteSwiftPackageReference;
			repositoryURL = "https://github.com/SDWebImage/SDWebImage.git";
			requirement = {
				kind = exactVersion;
				version = 5.9.5;
			};
		};
		1361C9652AFDEA9D00C00A71 /* XCRemoteSwiftPackageReference "SkeletonView" */ = {
			isa = XCRemoteSwiftPackageReference;
			repositoryURL = "https://github.com/Juanpe/SkeletonView.git";
			requirement = {
				branch = main;
				kind = branch;
			};
		};
		138BC6002A73D8CB00020297 /* XCRemoteSwiftPackageReference "Kingfisher" */ = {
			isa = XCRemoteSwiftPackageReference;
			repositoryURL = "https://github.com/onevcat/Kingfisher.git";
			requirement = {
				kind = upToNextMajorVersion;
				minimumVersion = 7.8.1;
			};
		};
		13DBE7652AEB76F90006F3B9 /* XCRemoteSwiftPackageReference "RxSwift" */ = {
			isa = XCRemoteSwiftPackageReference;
			repositoryURL = "https://github.com/ReactiveX/RxSwift.git";
			requirement = {
				kind = upToNextMajorVersion;
				minimumVersion = 6.0.0;
			};
		};
/* End XCRemoteSwiftPackageReference section */

/* Begin XCSwiftPackageProductDependency section */
		13127A702AF36017008C7927 /* FirebaseAuth */ = {
			isa = XCSwiftPackageProductDependency;
			package = 13127A6F2AF36017008C7927 /* XCRemoteSwiftPackageReference "firebase-ios-sdk" */;
			productName = FirebaseAuth;
		};
		13127A722AF36017008C7927 /* FirebaseDatabase */ = {
			isa = XCSwiftPackageProductDependency;
			package = 13127A6F2AF36017008C7927 /* XCRemoteSwiftPackageReference "firebase-ios-sdk" */;
			productName = FirebaseDatabase;
		};
		13127A742AF36017008C7927 /* FirebaseDatabaseSwift */ = {
			isa = XCSwiftPackageProductDependency;
			package = 13127A6F2AF36017008C7927 /* XCRemoteSwiftPackageReference "firebase-ios-sdk" */;
			productName = FirebaseDatabaseSwift;
		};
		13127A762AF36017008C7927 /* FirebaseFirestore */ = {
			isa = XCSwiftPackageProductDependency;
			package = 13127A6F2AF36017008C7927 /* XCRemoteSwiftPackageReference "firebase-ios-sdk" */;
			productName = FirebaseFirestore;
		};
		13127A782AF36017008C7927 /* FirebaseFirestoreSwift */ = {
			isa = XCSwiftPackageProductDependency;
			package = 13127A6F2AF36017008C7927 /* XCRemoteSwiftPackageReference "firebase-ios-sdk" */;
			productName = FirebaseFirestoreSwift;
		};
		13127A7A2AF36017008C7927 /* FirebaseInAppMessaging-Beta */ = {
			isa = XCSwiftPackageProductDependency;
			package = 13127A6F2AF36017008C7927 /* XCRemoteSwiftPackageReference "firebase-ios-sdk" */;
			productName = "FirebaseInAppMessaging-Beta";
		};
		13127A7C2AF36017008C7927 /* FirebaseInAppMessagingSwift-Beta */ = {
			isa = XCSwiftPackageProductDependency;
			package = 13127A6F2AF36017008C7927 /* XCRemoteSwiftPackageReference "firebase-ios-sdk" */;
			productName = "FirebaseInAppMessagingSwift-Beta";
		};
		13127A7E2AF36017008C7927 /* FirebaseMessaging */ = {
			isa = XCSwiftPackageProductDependency;
			package = 13127A6F2AF36017008C7927 /* XCRemoteSwiftPackageReference "firebase-ios-sdk" */;
			productName = FirebaseMessaging;
		};
		13127A802AF36017008C7927 /* FirebaseStorage */ = {
			isa = XCSwiftPackageProductDependency;
			package = 13127A6F2AF36017008C7927 /* XCRemoteSwiftPackageReference "firebase-ios-sdk" */;
			productName = FirebaseStorage;
		};
		1329391B2B1F2D0F003E9B92 /* SDWebImage */ = {
			isa = XCSwiftPackageProductDependency;
			package = 1329391A2B1F2D0F003E9B92 /* XCRemoteSwiftPackageReference "SDWebImage" */;
			productName = SDWebImage;
		};
		1329391D2B1F2D0F003E9B92 /* SDWebImageMapKit */ = {
			isa = XCSwiftPackageProductDependency;
			package = 1329391A2B1F2D0F003E9B92 /* XCRemoteSwiftPackageReference "SDWebImage" */;
			productName = SDWebImageMapKit;
		};
		1361C9662AFDEA9D00C00A71 /* SkeletonView */ = {
			isa = XCSwiftPackageProductDependency;
			package = 1361C9652AFDEA9D00C00A71 /* XCRemoteSwiftPackageReference "SkeletonView" */;
			productName = SkeletonView;
		};
		138BC6012A73D8CB00020297 /* Kingfisher */ = {
			isa = XCSwiftPackageProductDependency;
			package = 138BC6002A73D8CB00020297 /* XCRemoteSwiftPackageReference "Kingfisher" */;
			productName = Kingfisher;
		};
		13DBE7662AEB76F90006F3B9 /* RxCocoa */ = {
			isa = XCSwiftPackageProductDependency;
			package = 13DBE7652AEB76F90006F3B9 /* XCRemoteSwiftPackageReference "RxSwift" */;
			productName = RxCocoa;
		};
		13DBE7682AEB76F90006F3B9 /* RxSwift */ = {
			isa = XCSwiftPackageProductDependency;
			package = 13DBE7652AEB76F90006F3B9 /* XCRemoteSwiftPackageReference "RxSwift" */;
			productName = RxSwift;
		};
/* End XCSwiftPackageProductDependency section */

/* Begin XCVersionGroup section */
		1368D1852B174C9800B42AC4 /* InstaUiKit.xcdatamodeld */ = {
			isa = XCVersionGroup;
			children = (
				1368D1862B174C9800B42AC4 /* CoreData.xcdatamodel */,
			);
			currentVersion = 1368D1862B174C9800B42AC4 /* CoreData.xcdatamodel */;
			path = InstaUiKit.xcdatamodeld;
			sourceTree = "<group>";
			versionGroupType = wrapper.xcdatamodel;
		};
/* End XCVersionGroup section */
	};
	rootObject = 1311662C2A70FB9900CD0373 /* Project object */;
}
