PODS:
  - ADCountryPicker (2.1.0)
  - IQKeyboardManagerSwift (6.5.16)

DEPENDENCIES:
  - ADCountryPicker (~> 2.1.0)
  - IQKeyboardManagerSwift

SPEC REPOS:
  trunk:
    - ADCountryPicker
    - IQKeyboardManagerSwift

SPEC CHECKSUMS:
  ADCountryPicker: 502cee76a30ea1c3834eb0df170ce635691655c9
  IQKeyboardManagerSwift: 12d89768845bb77b55cc092ecc2b1f9370f06b76

PODFILE CHECKSUM: f6decf276c16d102913f21a3571548bc2a5bd988

COCOAPODS: 1.11.2
